// !$*UTF8*$!
{
	archiveVersion = 1;
	classes = {
	};
	objectVersion = 46;
	objects = {

/* Begin PBXBuildFile section */
		A0343D2B1A265D2E00FA0464 /* SettingsTableViewController.swift in Sources */ = {isa = PBXBuildFile; fileRef = A0343D2A1A265D2E00FA0464 /* SettingsTableViewController.swift */; };
		A0343D2D1A265E6C00FA0464 /* MainTabBarController.swift in Sources */ = {isa = PBXBuildFile; fileRef = A0343D2C1A265E6C00FA0464 /* MainTabBarController.swift */; };
		A042B2DD1A195ED600660AB7 /* VisualViewController.swift in Sources */ = {isa = PBXBuildFile; fileRef = A042B2DC1A195ED600660AB7 /* VisualViewController.swift */; };
		A042B2DF1A19645F00660AB7 /* index.html in Resources */ = {isa = PBXBuildFile; fileRef = A042B2DE1A19645F00660AB7 /* index.html */; };
		A042B2E11A19669E00660AB7 /* d3.min.js in Resources */ = {isa = PBXBuildFile; fileRef = A042B2E01A19669E00660AB7 /* d3.min.js */; };
		A05A35CE1A083727008EA386 /* AdminTableViewController.swift in Sources */ = {isa = PBXBuildFile; fileRef = A05A35CD1A083727008EA386 /* AdminTableViewController.swift */; };
		A05A35D21A0837ED008EA386 /* Well.swift in Sources */ = {isa = PBXBuildFile; fileRef = A05A35D11A0837ED008EA386 /* Well.swift */; };
		A06FFD641A06AA08001B3FF8 /* AppDelegate.swift in Sources */ = {isa = PBXBuildFile; fileRef = A06FFD631A06AA08001B3FF8 /* AppDelegate.swift */; };
		A06FFD671A06AA08001B3FF8 /* DrillAlert.xcdatamodeld in Sources */ = {isa = PBXBuildFile; fileRef = A06FFD651A06AA08001B3FF8 /* DrillAlert.xcdatamodeld */; };
		A06FFD691A06AA08001B3FF8 /* LoginViewController.swift in Sources */ = {isa = PBXBuildFile; fileRef = A06FFD681A06AA08001B3FF8 /* LoginViewController.swift */; };
		A06FFD6C1A06AA08001B3FF8 /* Main.storyboard in Resources */ = {isa = PBXBuildFile; fileRef = A06FFD6A1A06AA08001B3FF8 /* Main.storyboard */; };
		A06FFD6E1A06AA08001B3FF8 /* Images.xcassets in Resources */ = {isa = PBXBuildFile; fileRef = A06FFD6D1A06AA08001B3FF8 /* Images.xcassets */; };
		A06FFD711A06AA08001B3FF8 /* LaunchScreen.xib in Resources */ = {isa = PBXBuildFile; fileRef = A06FFD6F1A06AA08001B3FF8 /* LaunchScreen.xib */; };
		A06FFD7D1A06AA08001B3FF8 /* DrillAlertTests.swift in Sources */ = {isa = PBXBuildFile; fileRef = A06FFD7C1A06AA08001B3FF8 /* DrillAlertTests.swift */; };
		A087EEDE1A06C09D0073FDD0 /* HomeViewController.swift in Sources */ = {isa = PBXBuildFile; fileRef = A087EEDD1A06C09D0073FDD0 /* HomeViewController.swift */; };
		A0C3C53F1A09D2750017BC9B /* WellboreDetailTabBarController.swift in Sources */ = {isa = PBXBuildFile; fileRef = A0C3C53E1A09D2750017BC9B /* WellboreDetailTabBarController.swift */; };
		A0CA2F5E1A2647FD00D12218 /* FacebookSDK.framework in Frameworks */ = {isa = PBXBuildFile; fileRef = A0CA2F5D1A2647FD00D12218 /* FacebookSDK.framework */; };
		A0CE03281A0ECEFB0076EE3E /* Wellbore.swift in Sources */ = {isa = PBXBuildFile; fileRef = A0CE03271A0ECEFB0076EE3E /* Wellbore.swift */; };
		A0CE032C1A0ED67C0076EE3E /* VisualsViewController.swift in Sources */ = {isa = PBXBuildFile; fileRef = A0CE032B1A0ED67C0076EE3E /* VisualsViewController.swift */; };
		A0CE032E1A0ED69E0076EE3E /* AlertsViewController.swift in Sources */ = {isa = PBXBuildFile; fileRef = A0CE032D1A0ED69E0076EE3E /* AlertsViewController.swift */; };
		A0CEDBA21A0C3ADF0051BDB8 /* User.swift in Sources */ = {isa = PBXBuildFile; fileRef = A0CEDBA11A0C3ADF0051BDB8 /* User.swift */; };
		A0EE29021A08AB7200B50700 /* UIViewExtension.swift in Sources */ = {isa = PBXBuildFile; fileRef = A0EE29011A08AB7200B50700 /* UIViewExtension.swift */; };
		A0F0FBED1A103DC600ADBDF3 /* WellUsersTableViewController.swift in Sources */ = {isa = PBXBuildFile; fileRef = A0F0FBEC1A103DC600ADBDF3 /* WellUsersTableViewController.swift */; };
/* End PBXBuildFile section */

/* Begin PBXContainerItemProxy section */
		A06FFD771A06AA08001B3FF8 /* PBXContainerItemProxy */ = {
			isa = PBXContainerItemProxy;
			containerPortal = A06FFD561A06AA08001B3FF8 /* Project object */;
			proxyType = 1;
			remoteGlobalIDString = A06FFD5D1A06AA08001B3FF8;
			remoteInfo = DrillAlert;
		};
/* End PBXContainerItemProxy section */

/* Begin PBXFileReference section */
		A0343D261A26493800FA0464 /* DrillAlert-Bridging-Header.h */ = {isa = PBXFileReference; lastKnownFileType = sourcecode.c.h; path = "DrillAlert-Bridging-Header.h"; sourceTree = "<group>"; };
		A0343D2A1A265D2E00FA0464 /* SettingsTableViewController.swift */ = {isa = PBXFileReference; fileEncoding = 4; lastKnownFileType = sourcecode.swift; path = SettingsTableViewController.swift; sourceTree = "<group>"; };
		A0343D2C1A265E6C00FA0464 /* MainTabBarController.swift */ = {isa = PBXFileReference; fileEncoding = 4; lastKnownFileType = sourcecode.swift; path = MainTabBarController.swift; sourceTree = "<group>"; };
		A042B2DC1A195ED600660AB7 /* VisualViewController.swift */ = {isa = PBXFileReference; fileEncoding = 4; lastKnownFileType = sourcecode.swift; path = VisualViewController.swift; sourceTree = "<group>"; };
		A042B2DE1A19645F00660AB7 /* index.html */ = {isa = PBXFileReference; fileEncoding = 4; lastKnownFileType = text.html; path = index.html; sourceTree = "<group>"; };
		A042B2E01A19669E00660AB7 /* d3.min.js */ = {isa = PBXFileReference; fileEncoding = 4; lastKnownFileType = sourcecode.javascript; path = d3.min.js; sourceTree = "<group>"; };
		A05A35CD1A083727008EA386 /* AdminTableViewController.swift */ = {isa = PBXFileReference; fileEncoding = 4; lastKnownFileType = sourcecode.swift; path = AdminTableViewController.swift; sourceTree = "<group>"; };
		A05A35D11A0837ED008EA386 /* Well.swift */ = {isa = PBXFileReference; fileEncoding = 4; lastKnownFileType = sourcecode.swift; path = Well.swift; sourceTree = "<group>"; };
		A06FFD5E1A06AA08001B3FF8 /* DrillAlert.app */ = {isa = PBXFileReference; explicitFileType = wrapper.application; includeInIndex = 0; path = DrillAlert.app; sourceTree = BUILT_PRODUCTS_DIR; };
		A06FFD621A06AA08001B3FF8 /* Info.plist */ = {isa = PBXFileReference; lastKnownFileType = text.plist.xml; path = Info.plist; sourceTree = "<group>"; };
		A06FFD631A06AA08001B3FF8 /* AppDelegate.swift */ = {isa = PBXFileReference; lastKnownFileType = sourcecode.swift; path = AppDelegate.swift; sourceTree = "<group>"; };
		A06FFD661A06AA08001B3FF8 /* DrillAlert.xcdatamodel */ = {isa = PBXFileReference; lastKnownFileType = wrapper.xcdatamodel; path = DrillAlert.xcdatamodel; sourceTree = "<group>"; };
		A06FFD681A06AA08001B3FF8 /* LoginViewController.swift */ = {isa = PBXFileReference; lastKnownFileType = sourcecode.swift; path = LoginViewController.swift; sourceTree = "<group>"; };
		A06FFD6B1A06AA08001B3FF8 /* Base */ = {isa = PBXFileReference; lastKnownFileType = file.storyboard; name = Base; path = Base.lproj/Main.storyboard; sourceTree = "<group>"; };
		A06FFD6D1A06AA08001B3FF8 /* Images.xcassets */ = {isa = PBXFileReference; lastKnownFileType = folder.assetcatalog; path = Images.xcassets; sourceTree = "<group>"; };
		A06FFD701A06AA08001B3FF8 /* Base */ = {isa = PBXFileReference; lastKnownFileType = file.xib; name = Base; path = Base.lproj/LaunchScreen.xib; sourceTree = "<group>"; };
		A06FFD761A06AA08001B3FF8 /* DrillAlertTests.xctest */ = {isa = PBXFileReference; explicitFileType = wrapper.cfbundle; includeInIndex = 0; path = DrillAlertTests.xctest; sourceTree = BUILT_PRODUCTS_DIR; };
		A06FFD7B1A06AA08001B3FF8 /* Info.plist */ = {isa = PBXFileReference; lastKnownFileType = text.plist.xml; path = Info.plist; sourceTree = "<group>"; };
		A06FFD7C1A06AA08001B3FF8 /* DrillAlertTests.swift */ = {isa = PBXFileReference; lastKnownFileType = sourcecode.swift; path = DrillAlertTests.swift; sourceTree = "<group>"; };
		A087EEDD1A06C09D0073FDD0 /* HomeViewController.swift */ = {isa = PBXFileReference; fileEncoding = 4; lastKnownFileType = sourcecode.swift; path = HomeViewController.swift; sourceTree = "<group>"; };
		A0C3C53E1A09D2750017BC9B /* WellboreDetailTabBarController.swift */ = {isa = PBXFileReference; fileEncoding = 4; lastKnownFileType = sourcecode.swift; path = WellboreDetailTabBarController.swift; sourceTree = "<group>"; };
		A0CA2F5D1A2647FD00D12218 /* FacebookSDK.framework */ = {isa = PBXFileReference; lastKnownFileType = wrapper.framework; path = FacebookSDK.framework; sourceTree = "<group>"; };
		A0CE03271A0ECEFB0076EE3E /* Wellbore.swift */ = {isa = PBXFileReference; fileEncoding = 4; lastKnownFileType = sourcecode.swift; path = Wellbore.swift; sourceTree = "<group>"; };
		A0CE032B1A0ED67C0076EE3E /* VisualsViewController.swift */ = {isa = PBXFileReference; fileEncoding = 4; lastKnownFileType = sourcecode.swift; path = VisualsViewController.swift; sourceTree = "<group>"; };
		A0CE032D1A0ED69E0076EE3E /* AlertsViewController.swift */ = {isa = PBXFileReference; fileEncoding = 4; lastKnownFileType = sourcecode.swift; path = AlertsViewController.swift; sourceTree = "<group>"; };
		A0CEDBA11A0C3ADF0051BDB8 /* User.swift */ = {isa = PBXFileReference; fileEncoding = 4; lastKnownFileType = sourcecode.swift; path = User.swift; sourceTree = "<group>"; };
		A0EE29011A08AB7200B50700 /* UIViewExtension.swift */ = {isa = PBXFileReference; fileEncoding = 4; lastKnownFileType = sourcecode.swift; path = UIViewExtension.swift; sourceTree = "<group>"; };
		A0F0FBEC1A103DC600ADBDF3 /* WellUsersTableViewController.swift */ = {isa = PBXFileReference; fileEncoding = 4; lastKnownFileType = sourcecode.swift; path = WellUsersTableViewController.swift; sourceTree = "<group>"; };
/* End PBXFileReference section */

/* Begin PBXFrameworksBuildPhase section */
		A06FFD5B1A06AA08001B3FF8 /* Frameworks */ = {
			isa = PBXFrameworksBuildPhase;
			buildActionMask = 2147483647;
			files = (
				A0CA2F5E1A2647FD00D12218 /* FacebookSDK.framework in Frameworks */,
			);
			runOnlyForDeploymentPostprocessing = 0;
		};
		A06FFD731A06AA08001B3FF8 /* Frameworks */ = {
			isa = PBXFrameworksBuildPhase;
			buildActionMask = 2147483647;
			files = (
			);
			runOnlyForDeploymentPostprocessing = 0;
		};
/* End PBXFrameworksBuildPhase section */

/* Begin PBXGroup section */
		A0343D291A265D1900FA0464 /* Settings */ = {
			isa = PBXGroup;
			children = (
				A0343D2A1A265D2E00FA0464 /* SettingsTableViewController.swift */,
			);
			name = Settings;
			sourceTree = "<group>";
		};
		A05A35CC1A08370E008EA386 /* Admin */ = {
			isa = PBXGroup;
			children = (
				A05A35CD1A083727008EA386 /* AdminTableViewController.swift */,
				A0F0FBEC1A103DC600ADBDF3 /* WellUsersTableViewController.swift */,
			);
			name = Admin;
			sourceTree = "<group>";
		};
		A05A35CF1A0837CC008EA386 /* Controllers */ = {
			isa = PBXGroup;
			children = (
				A06FFD681A06AA08001B3FF8 /* LoginViewController.swift */,
				A0343D2C1A265E6C00FA0464 /* MainTabBarController.swift */,
				A087EEDC1A06C0920073FDD0 /* Home */,
				A0343D291A265D1900FA0464 /* Settings */,
				A05A35CC1A08370E008EA386 /* Admin */,
			);
			name = Controllers;
			sourceTree = "<group>";
		};
		A05A35D01A0837DD008EA386 /* Models */ = {
			isa = PBXGroup;
			children = (
				A06FFD651A06AA08001B3FF8 /* DrillAlert.xcdatamodeld */,
				A05A35D11A0837ED008EA386 /* Well.swift */,
				A0CE03271A0ECEFB0076EE3E /* Wellbore.swift */,
				A0CEDBA11A0C3ADF0051BDB8 /* User.swift */,
			);
			name = Models;
			sourceTree = "<group>";
		};
		A06FFD551A06AA08001B3FF8 = {
			isa = PBXGroup;
			children = (
				A06FFD601A06AA08001B3FF8 /* DrillAlert */,
				A06FFD791A06AA08001B3FF8 /* DrillAlertTests */,
				A06FFD5F1A06AA08001B3FF8 /* Products */,
			);
			sourceTree = "<group>";
		};
		A06FFD5F1A06AA08001B3FF8 /* Products */ = {
			isa = PBXGroup;
			children = (
				A06FFD5E1A06AA08001B3FF8 /* DrillAlert.app */,
				A06FFD761A06AA08001B3FF8 /* DrillAlertTests.xctest */,
			);
			name = Products;
			sourceTree = "<group>";
		};
		A06FFD601A06AA08001B3FF8 /* DrillAlert */ = {
			isa = PBXGroup;
			children = (
				A06FFD631A06AA08001B3FF8 /* AppDelegate.swift */,
				A0CA2F5F1A26480500D12218 /* Frameworks */,
				A0EE29001A08AB6600B50700 /* Views */,
				A05A35D01A0837DD008EA386 /* Models */,
				A05A35CF1A0837CC008EA386 /* Controllers */,
				A06FFD611A06AA08001B3FF8 /* Supporting Files */,
			);
			path = DrillAlert;
			sourceTree = "<group>";
		};
		A06FFD611A06AA08001B3FF8 /* Supporting Files */ = {
			isa = PBXGroup;
			children = (
				A06FFD6D1A06AA08001B3FF8 /* Images.xcassets */,
				A06FFD6F1A06AA08001B3FF8 /* LaunchScreen.xib */,
				A06FFD621A06AA08001B3FF8 /* Info.plist */,
			);
			name = "Supporting Files";
			sourceTree = "<group>";
		};
		A06FFD791A06AA08001B3FF8 /* DrillAlertTests */ = {
			isa = PBXGroup;
			children = (
				A06FFD7C1A06AA08001B3FF8 /* DrillAlertTests.swift */,
				A06FFD7A1A06AA08001B3FF8 /* Supporting Files */,
			);
			path = DrillAlertTests;
			sourceTree = "<group>";
		};
		A06FFD7A1A06AA08001B3FF8 /* Supporting Files */ = {
			isa = PBXGroup;
			children = (
				A06FFD7B1A06AA08001B3FF8 /* Info.plist */,
			);
			name = "Supporting Files";
			sourceTree = "<group>";
		};
		A087EEDC1A06C0920073FDD0 /* Home */ = {
			isa = PBXGroup;
			children = (
				A0C3C53D1A09D1900017BC9B /* WellboreDetail */,
				A087EEDD1A06C09D0073FDD0 /* HomeViewController.swift */,
			);
			name = Home;
			sourceTree = "<group>";
		};
		A0C3C53D1A09D1900017BC9B /* WellboreDetail */ = {
			isa = PBXGroup;
			children = (
				A0C3C53E1A09D2750017BC9B /* WellboreDetailTabBarController.swift */,
				A0CE032A1A0ED5FB0076EE3E /* Alerts */,
				A0CE03291A0ED5F60076EE3E /* Visuals */,
			);
			name = WellboreDetail;
			sourceTree = "<group>";
		};
		A0CA2F5F1A26480500D12218 /* Frameworks */ = {
			isa = PBXGroup;
			children = (
				A0343D261A26493800FA0464 /* DrillAlert-Bridging-Header.h */,
				A0CA2F5D1A2647FD00D12218 /* FacebookSDK.framework */,
			);
			name = Frameworks;
			sourceTree = "<group>";
		};
		A0CE03291A0ED5F60076EE3E /* Visuals */ = {
			isa = PBXGroup;
			children = (
				A042B2E01A19669E00660AB7 /* d3.min.js */,
				A0CE032B1A0ED67C0076EE3E /* VisualsViewController.swift */,
				A042B2DC1A195ED600660AB7 /* VisualViewController.swift */,
				A042B2DE1A19645F00660AB7 /* index.html */,
			);
			name = Visuals;
			sourceTree = "<group>";
		};
		A0CE032A1A0ED5FB0076EE3E /* Alerts */ = {
			isa = PBXGroup;
			children = (
				A0CE032D1A0ED69E0076EE3E /* AlertsViewController.swift */,
			);
			name = Alerts;
			sourceTree = "<group>";
		};
		A0EE29001A08AB6600B50700 /* Views */ = {
			isa = PBXGroup;
			children = (
				A06FFD6A1A06AA08001B3FF8 /* Main.storyboard */,
				A0EE29011A08AB7200B50700 /* UIViewExtension.swift */,
			);
			name = Views;
			sourceTree = "<group>";
		};
/* End PBXGroup section */

/* Begin PBXNativeTarget section */
		A06FFD5D1A06AA08001B3FF8 /* DrillAlert */ = {
			isa = PBXNativeTarget;
			buildConfigurationList = A06FFD801A06AA08001B3FF8 /* Build configuration list for PBXNativeTarget "DrillAlert" */;
			buildPhases = (
				A06FFD5A1A06AA08001B3FF8 /* Sources */,
				A06FFD5B1A06AA08001B3FF8 /* Frameworks */,
				A06FFD5C1A06AA08001B3FF8 /* Resources */,
			);
			buildRules = (
			);
			dependencies = (
			);
			name = DrillAlert;
			productName = DrillAlert;
			productReference = A06FFD5E1A06AA08001B3FF8 /* DrillAlert.app */;
			productType = "com.apple.product-type.application";
		};
		A06FFD751A06AA08001B3FF8 /* DrillAlertTests */ = {
			isa = PBXNativeTarget;
			buildConfigurationList = A06FFD831A06AA08001B3FF8 /* Build configuration list for PBXNativeTarget "DrillAlertTests" */;
			buildPhases = (
				A06FFD721A06AA08001B3FF8 /* Sources */,
				A06FFD731A06AA08001B3FF8 /* Frameworks */,
				A06FFD741A06AA08001B3FF8 /* Resources */,
			);
			buildRules = (
			);
			dependencies = (
				A06FFD781A06AA08001B3FF8 /* PBXTargetDependency */,
			);
			name = DrillAlertTests;
			productName = DrillAlertTests;
			productReference = A06FFD761A06AA08001B3FF8 /* DrillAlertTests.xctest */;
			productType = "com.apple.product-type.bundle.unit-test";
		};
/* End PBXNativeTarget section */

/* Begin PBXProject section */
		A06FFD561A06AA08001B3FF8 /* Project object */ = {
			isa = PBXProject;
			attributes = {
				LastUpgradeCheck = 0610;
				ORGANIZATIONNAME = Drillionaires;
				TargetAttributes = {
					A06FFD5D1A06AA08001B3FF8 = {
						CreatedOnToolsVersion = 6.1;
					};
					A06FFD751A06AA08001B3FF8 = {
						CreatedOnToolsVersion = 6.1;
						TestTargetID = A06FFD5D1A06AA08001B3FF8;
					};
				};
			};
			buildConfigurationList = A06FFD591A06AA08001B3FF8 /* Build configuration list for PBXProject "DrillAlert" */;
			compatibilityVersion = "Xcode 3.2";
			developmentRegion = English;
			hasScannedForEncodings = 0;
			knownRegions = (
				en,
				Base,
			);
			mainGroup = A06FFD551A06AA08001B3FF8;
			productRefGroup = A06FFD5F1A06AA08001B3FF8 /* Products */;
			projectDirPath = "";
			projectRoot = "";
			targets = (
				A06FFD5D1A06AA08001B3FF8 /* DrillAlert */,
				A06FFD751A06AA08001B3FF8 /* DrillAlertTests */,
			);
		};
/* End PBXProject section */

/* Begin PBXResourcesBuildPhase section */
		A06FFD5C1A06AA08001B3FF8 /* Resources */ = {
			isa = PBXResourcesBuildPhase;
			buildActionMask = 2147483647;
			files = (
				A042B2E11A19669E00660AB7 /* d3.min.js in Resources */,
				A06FFD6C1A06AA08001B3FF8 /* Main.storyboard in Resources */,
				A042B2DF1A19645F00660AB7 /* index.html in Resources */,
				A06FFD711A06AA08001B3FF8 /* LaunchScreen.xib in Resources */,
				A06FFD6E1A06AA08001B3FF8 /* Images.xcassets in Resources */,
			);
			runOnlyForDeploymentPostprocessing = 0;
		};
		A06FFD741A06AA08001B3FF8 /* Resources */ = {
			isa = PBXResourcesBuildPhase;
			buildActionMask = 2147483647;
			files = (
			);
			runOnlyForDeploymentPostprocessing = 0;
		};
/* End PBXResourcesBuildPhase section */

/* Begin PBXSourcesBuildPhase section */
		A06FFD5A1A06AA08001B3FF8 /* Sources */ = {
			isa = PBXSourcesBuildPhase;
			buildActionMask = 2147483647;
			files = (
				A05A35CE1A083727008EA386 /* AdminTableViewController.swift in Sources */,
				A0EE29021A08AB7200B50700 /* UIViewExtension.swift in Sources */,
				A0F0FBED1A103DC600ADBDF3 /* WellUsersTableViewController.swift in Sources */,
				A0CE032C1A0ED67C0076EE3E /* VisualsViewController.swift in Sources */,
				A05A35D21A0837ED008EA386 /* Well.swift in Sources */,
				A06FFD691A06AA08001B3FF8 /* LoginViewController.swift in Sources */,
				A0C3C53F1A09D2750017BC9B /* WellboreDetailTabBarController.swift in Sources */,
				A0CE03281A0ECEFB0076EE3E /* Wellbore.swift in Sources */,
				A0CE032E1A0ED69E0076EE3E /* AlertsViewController.swift in Sources */,
				A0CEDBA21A0C3ADF0051BDB8 /* User.swift in Sources */,
				A0343D2D1A265E6C00FA0464 /* MainTabBarController.swift in Sources */,
				A042B2DD1A195ED600660AB7 /* VisualViewController.swift in Sources */,
				A0343D2B1A265D2E00FA0464 /* SettingsTableViewController.swift in Sources */,
				A06FFD671A06AA08001B3FF8 /* DrillAlert.xcdatamodeld in Sources */,
				A06FFD641A06AA08001B3FF8 /* AppDelegate.swift in Sources */,
				A087EEDE1A06C09D0073FDD0 /* HomeViewController.swift in Sources */,
			);
			runOnlyForDeploymentPostprocessing = 0;
		};
		A06FFD721A06AA08001B3FF8 /* Sources */ = {
			isa = PBXSourcesBuildPhase;
			buildActionMask = 2147483647;
			files = (
				A06FFD7D1A06AA08001B3FF8 /* DrillAlertTests.swift in Sources */,
			);
			runOnlyForDeploymentPostprocessing = 0;
		};
/* End PBXSourcesBuildPhase section */

/* Begin PBXTargetDependency section */
		A06FFD781A06AA08001B3FF8 /* PBXTargetDependency */ = {
			isa = PBXTargetDependency;
			target = A06FFD5D1A06AA08001B3FF8 /* DrillAlert */;
			targetProxy = A06FFD771A06AA08001B3FF8 /* PBXContainerItemProxy */;
		};
/* End PBXTargetDependency section */

/* Begin PBXVariantGroup section */
		A06FFD6A1A06AA08001B3FF8 /* Main.storyboard */ = {
			isa = PBXVariantGroup;
			children = (
				A06FFD6B1A06AA08001B3FF8 /* Base */,
			);
			name = Main.storyboard;
			sourceTree = "<group>";
		};
		A06FFD6F1A06AA08001B3FF8 /* LaunchScreen.xib */ = {
			isa = PBXVariantGroup;
			children = (
				A06FFD701A06AA08001B3FF8 /* Base */,
			);
			name = LaunchScreen.xib;
			sourceTree = "<group>";
		};
/* End PBXVariantGroup section */

/* Begin XCBuildConfiguration section */
		A06FFD7E1A06AA08001B3FF8 /* Debug */ = {
			isa = XCBuildConfiguration;
			buildSettings = {
				ALWAYS_SEARCH_USER_PATHS = NO;
				CLANG_CXX_LANGUAGE_STANDARD = "gnu++0x";
				CLANG_CXX_LIBRARY = "libc++";
				CLANG_ENABLE_MODULES = YES;
				CLANG_ENABLE_OBJC_ARC = YES;
				CLANG_WARN_BOOL_CONVERSION = YES;
				CLANG_WARN_CONSTANT_CONVERSION = YES;
				CLANG_WARN_DIRECT_OBJC_ISA_USAGE = YES_ERROR;
				CLANG_WARN_EMPTY_BODY = YES;
				CLANG_WARN_ENUM_CONVERSION = YES;
				CLANG_WARN_INT_CONVERSION = YES;
				CLANG_WARN_OBJC_ROOT_CLASS = YES_ERROR;
				CLANG_WARN_UNREACHABLE_CODE = YES;
				CLANG_WARN__DUPLICATE_METHOD_MATCH = YES;
				"CODE_SIGN_IDENTITY[sdk=iphoneos*]" = "iPhone Developer";
				COPY_PHASE_STRIP = NO;
				ENABLE_STRICT_OBJC_MSGSEND = YES;
				GCC_C_LANGUAGE_STANDARD = gnu99;
				GCC_DYNAMIC_NO_PIC = NO;
				GCC_OPTIMIZATION_LEVEL = 0;
				GCC_PREPROCESSOR_DEFINITIONS = (
					"DEBUG=1",
					"$(inherited)",
				);
				GCC_SYMBOLS_PRIVATE_EXTERN = NO;
				GCC_WARN_64_TO_32_BIT_CONVERSION = YES;
				GCC_WARN_ABOUT_RETURN_TYPE = YES_ERROR;
				GCC_WARN_UNDECLARED_SELECTOR = YES;
				GCC_WARN_UNINITIALIZED_AUTOS = YES_AGGRESSIVE;
				GCC_WARN_UNUSED_FUNCTION = YES;
				GCC_WARN_UNUSED_VARIABLE = YES;
				IPHONEOS_DEPLOYMENT_TARGET = 8.1;
				MTL_ENABLE_DEBUG_INFO = YES;
				ONLY_ACTIVE_ARCH = YES;
				SDKROOT = iphoneos;
				SWIFT_OPTIMIZATION_LEVEL = "-Onone";
			};
			name = Debug;
		};
		A06FFD7F1A06AA08001B3FF8 /* Release */ = {
			isa = XCBuildConfiguration;
			buildSettings = {
				ALWAYS_SEARCH_USER_PATHS = NO;
				CLANG_CXX_LANGUAGE_STANDARD = "gnu++0x";
				CLANG_CXX_LIBRARY = "libc++";
				CLANG_ENABLE_MODULES = YES;
				CLANG_ENABLE_OBJC_ARC = YES;
				CLANG_WARN_BOOL_CONVERSION = YES;
				CLANG_WARN_CONSTANT_CONVERSION = YES;
				CLANG_WARN_DIRECT_OBJC_ISA_USAGE = YES_ERROR;
				CLANG_WARN_EMPTY_BODY = YES;
				CLANG_WARN_ENUM_CONVERSION = YES;
				CLANG_WARN_INT_CONVERSION = YES;
				CLANG_WARN_OBJC_ROOT_CLASS = YES_ERROR;
				CLANG_WARN_UNREACHABLE_CODE = YES;
				CLANG_WARN__DUPLICATE_METHOD_MATCH = YES;
				"CODE_SIGN_IDENTITY[sdk=iphoneos*]" = "iPhone Developer";
				COPY_PHASE_STRIP = YES;
				ENABLE_NS_ASSERTIONS = NO;
				ENABLE_STRICT_OBJC_MSGSEND = YES;
				GCC_C_LANGUAGE_STANDARD = gnu99;
				GCC_WARN_64_TO_32_BIT_CONVERSION = YES;
				GCC_WARN_ABOUT_RETURN_TYPE = YES_ERROR;
				GCC_WARN_UNDECLARED_SELECTOR = YES;
				GCC_WARN_UNINITIALIZED_AUTOS = YES_AGGRESSIVE;
				GCC_WARN_UNUSED_FUNCTION = YES;
				GCC_WARN_UNUSED_VARIABLE = YES;
				IPHONEOS_DEPLOYMENT_TARGET = 8.1;
				MTL_ENABLE_DEBUG_INFO = NO;
				SDKROOT = iphoneos;
				VALIDATE_PRODUCT = YES;
			};
			name = Release;
		};
		A06FFD811A06AA08001B3FF8 /* Debug */ = {
			isa = XCBuildConfiguration;
			buildSettings = {
				ASSETCATALOG_COMPILER_APPICON_NAME = AppIcon;
				CLANG_ENABLE_MODULES = YES;
				FRAMEWORK_SEARCH_PATHS = (
					"$(inherited)",
					"$(PROJECT_DIR)/DrillAlert",
				);
				INFOPLIST_FILE = DrillAlert/Info.plist;
				LD_RUNPATH_SEARCH_PATHS = "$(inherited) @executable_path/Frameworks";
				OTHER_LDFLAGS = "-ObjC";
				PRODUCT_NAME = "$(TARGET_NAME)";
				SWIFT_OBJC_BRIDGING_HEADER = "DrillAlert/DrillAlert-Bridging-Header.h";
				SWIFT_OPTIMIZATION_LEVEL = "-Onone";
			};
			name = Debug;
		};
		A06FFD821A06AA08001B3FF8 /* Release */ = {
			isa = XCBuildConfiguration;
			buildSettings = {
				ASSETCATALOG_COMPILER_APPICON_NAME = AppIcon;
				CLANG_ENABLE_MODULES = YES;
				FRAMEWORK_SEARCH_PATHS = (
					"$(inherited)",
					"$(PROJECT_DIR)/DrillAlert",
				);
				INFOPLIST_FILE = DrillAlert/Info.plist;
				LD_RUNPATH_SEARCH_PATHS = "$(inherited) @executable_path/Frameworks";
				OTHER_LDFLAGS = "-ObjC";
				PRODUCT_NAME = "$(TARGET_NAME)";
				SWIFT_OBJC_BRIDGING_HEADER = "DrillAlert/DrillAlert-Bridging-Header.h";
			};
			name = Release;
		};
		A06FFD841A06AA08001B3FF8 /* Debug */ = {
			isa = XCBuildConfiguration;
			buildSettings = {
				BUNDLE_LOADER = "$(TEST_HOST)";
				FRAMEWORK_SEARCH_PATHS = (
					"$(SDKROOT)/Developer/Library/Frameworks",
					"$(inherited)",
				);
				GCC_PREPROCESSOR_DEFINITIONS = (
					"DEBUG=1",
					"$(inherited)",
				);
				INFOPLIST_FILE = DrillAlertTests/Info.plist;
				LD_RUNPATH_SEARCH_PATHS = "$(inherited) @executable_path/Frameworks @loader_path/Frameworks";
				PRODUCT_NAME = "$(TARGET_NAME)";
				TEST_HOST = "$(BUILT_PRODUCTS_DIR)/DrillAlert.app/DrillAlert";
			};
			name = Debug;
		};
		A06FFD851A06AA08001B3FF8 /* Release */ = {
			isa = XCBuildConfiguration;
			buildSettings = {
				BUNDLE_LOADER = "$(TEST_HOST)";
				FRAMEWORK_SEARCH_PATHS = (
					"$(SDKROOT)/Developer/Library/Frameworks",
					"$(inherited)",
				);
				INFOPLIST_FILE = DrillAlertTests/Info.plist;
				LD_RUNPATH_SEARCH_PATHS = "$(inherited) @executable_path/Frameworks @loader_path/Frameworks";
				PRODUCT_NAME = "$(TARGET_NAME)";
				TEST_HOST = "$(BUILT_PRODUCTS_DIR)/DrillAlert.app/DrillAlert";
			};
			name = Release;
		};
/* End XCBuildConfiguration section */

/* Begin XCConfigurationList section */
		A06FFD591A06AA08001B3FF8 /* Build configuration list for PBXProject "DrillAlert" */ = {
			isa = XCConfigurationList;
			buildConfigurations = (
				A06FFD7E1A06AA08001B3FF8 /* Debug */,
				A06FFD7F1A06AA08001B3FF8 /* Release */,
			);
			defaultConfigurationIsVisible = 0;
			defaultConfigurationName = Release;
		};
		A06FFD801A06AA08001B3FF8 /* Build configuration list for PBXNativeTarget "DrillAlert" */ = {
			isa = XCConfigurationList;
			buildConfigurations = (
				A06FFD811A06AA08001B3FF8 /* Debug */,
				A06FFD821A06AA08001B3FF8 /* Release */,
			);
			defaultConfigurationIsVisible = 0;
			defaultConfigurationName = Release;
		};
		A06FFD831A06AA08001B3FF8 /* Build configuration list for PBXNativeTarget "DrillAlertTests" */ = {
			isa = XCConfigurationList;
			buildConfigurations = (
				A06FFD841A06AA08001B3FF8 /* Debug */,
				A06FFD851A06AA08001B3FF8 /* Release */,
			);
			defaultConfigurationIsVisible = 0;
			defaultConfigurationName = Release;
		};
/* End XCConfigurationList section */

/* Begin XCVersionGroup section */
		A06FFD651A06AA08001B3FF8 /* DrillAlert.xcdatamodeld */ = {
			isa = XCVersionGroup;
			children = (
				A06FFD661A06AA08001B3FF8 /* DrillAlert.xcdatamodel */,
			);
			currentVersion = A06FFD661A06AA08001B3FF8 /* DrillAlert.xcdatamodel */;
			path = DrillAlert.xcdatamodeld;
			sourceTree = "<group>";
			versionGroupType = wrapper.xcdatamodel;
		};
/* End XCVersionGroup section */
	};
	rootObject = A06FFD561A06AA08001B3FF8 /* Project object */;
}
