// !$*UTF8*$!
{
	archiveVersion = 1;
	classes = {
	};
	objectVersion = 46;
	objects = {

/* Begin PBXBuildFile section */
		A018E4041A2B005A001EF20E /* ParameterAlert.swift in Sources */ = {isa = PBXBuildFile; fileRef = A018E4031A2B005A001EF20E /* ParameterAlert.swift */; };
		A018E4061A2B010A001EF20E /* Parameter.swift in Sources */ = {isa = PBXBuildFile; fileRef = A018E4051A2B010A001EF20E /* Parameter.swift */; };
		A018E40A1A2B0733001EF20E /* ManageAlertsTableViewController.swift in Sources */ = {isa = PBXBuildFile; fileRef = A018E4091A2B0733001EF20E /* ManageAlertsTableViewController.swift */; };
		A018E40C1A2BB4E8001EF20E /* AddEditAlertTableViewController.swift in Sources */ = {isa = PBXBuildFile; fileRef = A018E40B1A2BB4E8001EF20E /* AddEditAlertTableViewController.swift */; };
		A02679FB1A742A4900ED8FFB /* APIHelper.swift in Sources */ = {isa = PBXBuildFile; fileRef = A02679FA1A742A4900ED8FFB /* APIHelper.swift */; };
		A02D86431A6D953A00D22A38 /* AlertInboxTableViewController.swift in Sources */ = {isa = PBXBuildFile; fileRef = A02D86421A6D953A00D22A38 /* AlertInboxTableViewController.swift */; };
		A02D86451A6D97BF00D22A38 /* AlertInboxCell.swift in Sources */ = {isa = PBXBuildFile; fileRef = A02D86441A6D97BF00D22A38 /* AlertInboxCell.swift */; };
		A033918C1A92DC120018F2B6 /* UserSession.swift in Sources */ = {isa = PBXBuildFile; fileRef = A033918B1A92DC120018F2B6 /* UserSession.swift */; };
		A0343D311A2674C100FA0464 /* Entitlements.plist in Resources */ = {isa = PBXBuildFile; fileRef = A0343D301A2674C100FA0464 /* Entitlements.plist */; };
		A0343D331A2AB66100FA0464 /* WellboreTableViewCell.swift in Sources */ = {isa = PBXBuildFile; fileRef = A0343D321A2AB66100FA0464 /* WellboreTableViewCell.swift */; };
		A0343D391A2AC85400FA0464 /* WellboreDetailViewController.swift in Sources */ = {isa = PBXBuildFile; fileRef = A0343D381A2AC85400FA0464 /* WellboreDetailViewController.swift */; };
		A0343D411A2AFE9C00FA0464 /* ParameterAlertTableViewCell.swift in Sources */ = {isa = PBXBuildFile; fileRef = A0343D401A2AFE9C00FA0464 /* ParameterAlertTableViewCell.swift */; };
		A042B2DD1A195ED600660AB7 /* VisualViewController.swift in Sources */ = {isa = PBXBuildFile; fileRef = A042B2DC1A195ED600660AB7 /* VisualViewController.swift */; };
		A042B2DF1A19645F00660AB7 /* index.html in Resources */ = {isa = PBXBuildFile; fileRef = A042B2DE1A19645F00660AB7 /* index.html */; };
		A042B2E11A19669E00660AB7 /* d3.min.js in Resources */ = {isa = PBXBuildFile; fileRef = A042B2E01A19669E00660AB7 /* d3.min.js */; };
		A04AB1F31A81C9AD003704CC /* d3.js in Resources */ = {isa = PBXBuildFile; fileRef = A04AB1F21A81C9AD003704CC /* d3.js */; };
		A05A35CE1A083727008EA386 /* AdminTableViewController.swift in Sources */ = {isa = PBXBuildFile; fileRef = A05A35CD1A083727008EA386 /* AdminTableViewController.swift */; };
		A05A35D21A0837ED008EA386 /* Well.swift in Sources */ = {isa = PBXBuildFile; fileRef = A05A35D11A0837ED008EA386 /* Well.swift */; };
		A066D5B81A2EA9C700E16E58 /* AddressBook.framework in Frameworks */ = {isa = PBXBuildFile; fileRef = A066D5B71A2EA9C700E16E58 /* AddressBook.framework */; };
		A066D5BA1A2EA9D100E16E58 /* AssetsLibrary.framework in Frameworks */ = {isa = PBXBuildFile; fileRef = A066D5B91A2EA9D100E16E58 /* AssetsLibrary.framework */; };
		A066D5BC1A2EA9DB00E16E58 /* Foundation.framework in Frameworks */ = {isa = PBXBuildFile; fileRef = A066D5BB1A2EA9DB00E16E58 /* Foundation.framework */; };
		A066D5BE1A2EA9E400E16E58 /* CoreLocation.framework in Frameworks */ = {isa = PBXBuildFile; fileRef = A066D5BD1A2EA9E400E16E58 /* CoreLocation.framework */; };
		A066D5C01A2EA9EF00E16E58 /* CoreMotion.framework in Frameworks */ = {isa = PBXBuildFile; fileRef = A066D5BF1A2EA9EF00E16E58 /* CoreMotion.framework */; };
		A066D5C21A2EA9FC00E16E58 /* CoreGraphics.framework in Frameworks */ = {isa = PBXBuildFile; fileRef = A066D5C11A2EA9FC00E16E58 /* CoreGraphics.framework */; };
		A066D5C41A2EAA0600E16E58 /* CoreText.framework in Frameworks */ = {isa = PBXBuildFile; fileRef = A066D5C31A2EAA0600E16E58 /* CoreText.framework */; };
		A066D5C61A2EAA0E00E16E58 /* MediaPlayer.framework in Frameworks */ = {isa = PBXBuildFile; fileRef = A066D5C51A2EAA0E00E16E58 /* MediaPlayer.framework */; };
		A066D5C81A2EAA1700E16E58 /* Security.framework in Frameworks */ = {isa = PBXBuildFile; fileRef = A066D5C71A2EAA1700E16E58 /* Security.framework */; };
		A066D5CA1A2EAA2100E16E58 /* SystemConfiguration.framework in Frameworks */ = {isa = PBXBuildFile; fileRef = A066D5C91A2EAA2100E16E58 /* SystemConfiguration.framework */; };
		A066D5CC1A2EAA2900E16E58 /* UIKit.framework in Frameworks */ = {isa = PBXBuildFile; fileRef = A066D5CB1A2EAA2900E16E58 /* UIKit.framework */; };
		A066D5D21A2EBD4B00E16E58 /* PaddedUITextField.swift in Sources */ = {isa = PBXBuildFile; fileRef = A066D5D11A2EBD4B00E16E58 /* PaddedUITextField.swift */; };
		A0699A9C1A80231A004F9C97 /* Curve.swift in Sources */ = {isa = PBXBuildFile; fileRef = A0699A9B1A80231A004F9C97 /* Curve.swift */; };
		A0699A9E1A809102004F9C97 /* SegmentControlToolbar.swift in Sources */ = {isa = PBXBuildFile; fileRef = A0699A9D1A809102004F9C97 /* SegmentControlToolbar.swift */; };
		A0699AA01A809B78004F9C97 /* WellboreView.swift in Sources */ = {isa = PBXBuildFile; fileRef = A0699A9F1A809B78004F9C97 /* WellboreView.swift */; };
		A06FFD641A06AA08001B3FF8 /* AppDelegate.swift in Sources */ = {isa = PBXBuildFile; fileRef = A06FFD631A06AA08001B3FF8 /* AppDelegate.swift */; };
		A06FFD671A06AA08001B3FF8 /* DrillAlert.xcdatamodeld in Sources */ = {isa = PBXBuildFile; fileRef = A06FFD651A06AA08001B3FF8 /* DrillAlert.xcdatamodeld */; };
		A06FFD691A06AA08001B3FF8 /* LoginViewController.swift in Sources */ = {isa = PBXBuildFile; fileRef = A06FFD681A06AA08001B3FF8 /* LoginViewController.swift */; };
		A06FFD6C1A06AA08001B3FF8 /* Main.storyboard in Resources */ = {isa = PBXBuildFile; fileRef = A06FFD6A1A06AA08001B3FF8 /* Main.storyboard */; };
		A06FFD6E1A06AA08001B3FF8 /* Images.xcassets in Resources */ = {isa = PBXBuildFile; fileRef = A06FFD6D1A06AA08001B3FF8 /* Images.xcassets */; };
		A06FFD711A06AA08001B3FF8 /* LaunchScreen.xib in Resources */ = {isa = PBXBuildFile; fileRef = A06FFD6F1A06AA08001B3FF8 /* LaunchScreen.xib */; };
		A06FFD7D1A06AA08001B3FF8 /* DrillAlertTests.swift in Sources */ = {isa = PBXBuildFile; fileRef = A06FFD7C1A06AA08001B3FF8 /* DrillAlertTests.swift */; };
		A0772F201A928EBD00DE37B1 /* Alert.swift in Sources */ = {isa = PBXBuildFile; fileRef = A0772F1F1A928EBD00DE37B1 /* Alert.swift */; };
		A0772F221A92921300DE37B1 /* AlertType.swift in Sources */ = {isa = PBXBuildFile; fileRef = A0772F211A92921300DE37B1 /* AlertType.swift */; };
		A0772F241A92921300DE37B1 /* AlertPriority.swift in Sources */ = {isa = PBXBuildFile; fileRef = A0772F231A92921300DE37B1 /* AlertPriority.swift */; };
		A087EEDE1A06C09D0073FDD0 /* HomeViewController.swift in Sources */ = {isa = PBXBuildFile; fileRef = A087EEDD1A06C09D0073FDD0 /* HomeViewController.swift */; };
		A095D57F1A78A3FA000889CB /* JSON.swift in Sources */ = {isa = PBXBuildFile; fileRef = A095D57E1A78A3FA000889CB /* JSON.swift */; };
		A095D5811A78A403000889CB /* JSONArray.swift in Sources */ = {isa = PBXBuildFile; fileRef = A095D5801A78A403000889CB /* JSONArray.swift */; };
		A095D5831A78B74D000889CB /* AlertTableViewCell.swift in Sources */ = {isa = PBXBuildFile; fileRef = A095D5821A78B74D000889CB /* AlertTableViewCell.swift */; };
		A095FB8C1A2FC37200B15D39 /* AlertValueCell.swift in Sources */ = {isa = PBXBuildFile; fileRef = A095FB8B1A2FC37200B15D39 /* AlertValueCell.swift */; };
		A095FB8F1A2FC38C00B15D39 /* AlertWhenCell.swift in Sources */ = {isa = PBXBuildFile; fileRef = A095FB8E1A2FC38C00B15D39 /* AlertWhenCell.swift */; };
		A095FB911A2FC39800B15D39 /* AlertPriorityCell.swift in Sources */ = {isa = PBXBuildFile; fileRef = A095FB901A2FC39800B15D39 /* AlertPriorityCell.swift */; };
		A095FB931A2FF20D00B15D39 /* gauge.html in Resources */ = {isa = PBXBuildFile; fileRef = A095FB921A2FF20D00B15D39 /* gauge.html */; };
		A0A783DA1A78BCFB00C3B20A /* AlertPriorityStandard.swift in Sources */ = {isa = PBXBuildFile; fileRef = A0A783D91A78BCFB00C3B20A /* AlertPriorityStandard.swift */; };
		A0A783DC1A78BD1000C3B20A /* AlertTypeStandard.swift in Sources */ = {isa = PBXBuildFile; fileRef = A0A783DB1A78BD1000C3B20A /* AlertTypeStandard.swift */; };
		A0CCC5E51A81C69600F92B36 /* graph.html in Resources */ = {isa = PBXBuildFile; fileRef = A0CCC5E31A81C69600F92B36 /* graph.html */; };
		A0CCC5E61A81C69600F92B36 /* graph.js in Resources */ = {isa = PBXBuildFile; fileRef = A0CCC5E41A81C69600F92B36 /* graph.js */; };
		A0CE03281A0ECEFB0076EE3E /* Wellbore.swift in Sources */ = {isa = PBXBuildFile; fileRef = A0CE03271A0ECEFB0076EE3E /* Wellbore.swift */; };
		A0CE032C1A0ED67C0076EE3E /* VisualsViewController.swift in Sources */ = {isa = PBXBuildFile; fileRef = A0CE032B1A0ED67C0076EE3E /* VisualsViewController.swift */; };
		A0CEDBA21A0C3ADF0051BDB8 /* User.swift in Sources */ = {isa = PBXBuildFile; fileRef = A0CEDBA11A0C3ADF0051BDB8 /* User.swift */; };
		A0DB7DBD1A2FB96000C8C9A2 /* AddOrEditAlertTableViewController.swift in Sources */ = {isa = PBXBuildFile; fileRef = A0DB7DBC1A2FB96000C8C9A2 /* AddOrEditAlertTableViewController.swift */; };
		A0DB7DBF1A2FB96E00C8C9A2 /* SelectAlertTypeTableViewController.swift in Sources */ = {isa = PBXBuildFile; fileRef = A0DB7DBE1A2FB96E00C8C9A2 /* SelectAlertTypeTableViewController.swift */; };
		A0EE29021A08AB7200B50700 /* UIViewExtension.swift in Sources */ = {isa = PBXBuildFile; fileRef = A0EE29011A08AB7200B50700 /* UIViewExtension.swift */; };
		A0F0FBED1A103DC600ADBDF3 /* WellUsersTableViewController.swift in Sources */ = {isa = PBXBuildFile; fileRef = A0F0FBEC1A103DC600ADBDF3 /* WellUsersTableViewController.swift */; };
        A0F1B57D1A901B1200306DB7 /* HTMLNode.swift in Sources */ = {isa = PBXBuildFile; fileRef = A0F1B5791A901B1200306DB7 /* HTMLNode.swift */; };
        A0F1B57E1A901B1200306DB7 /* HTMLParser.swift in Sources */ = {isa = PBXBuildFile; fileRef = A0F1B57A1A901B1200306DB7 /* HTMLParser.swift */; };
        A0F1B57F1A901B1200306DB7 /* SwiftHTMLParserLicense in Resources */ = {isa = PBXBuildFile; fileRef = A0F1B57C1A901B1200306DB7 /* SwiftHTMLParserLicense */; };
        A0F1B5811A901BE400306DB7 /* libxml2.dylib in Frameworks */ = {isa = PBXBuildFile; fileRef = A0F1B5801A901BE400306DB7 /* libxml2.dylib */; };
        A0F5D6451A95906400B68548 /* AlertNotification.swift in Sources */ = {isa = PBXBuildFile; fileRef = A0F5D6441A95906400B68548 /* AlertNotification.swift */; };
        CF4007651A78BDF4008E9C1F /* ManageVisualsTableViewController.swift in Sources */ = {isa = PBXBuildFile; fileRef = CF4007641A78BDF4008E9C1F /* ManageVisualsTableViewController.swift */; };
		CF0224E31A959E1F00115B0B /* EditViewTableViewController.swift in Sources */ = {isa = PBXBuildFile; fileRef = CF0224E21A959E1F00115B0B /* EditViewTableViewController.swift */; };
		CF0224E51A95A8B100115B0B /* EditVisualTableViewCell.swift in Sources */ = {isa = PBXBuildFile; fileRef = CF0224E41A95A8B100115B0B /* EditVisualTableViewCell.swift */; };
		CF4007651A78BDF4008E9C1F /* ManageViewsTableViewController.swift in Sources */ = {isa = PBXBuildFile; fileRef = CF4007641A78BDF4008E9C1F /* ManageViewsTableViewController.swift */; };
		CF4007681A78C789008E9C1F /* ManageVisualsTableViewCell.swift in Sources */ = {isa = PBXBuildFile; fileRef = CF4007671A78C789008E9C1F /* ManageVisualsTableViewCell.swift */; };
		CF75F7A91A95BA7100B7958D /* ChooseAddVisualTableViewController.swift in Sources */ = {isa = PBXBuildFile; fileRef = CF75F7A81A95BA7100B7958D /* ChooseAddVisualTableViewController.swift */; };
		CF75F7AC1A95D60200B7958D /* NewPlotTableViewController.swift in Sources */ = {isa = PBXBuildFile; fileRef = CF75F7AA1A95CF1600B7958D /* NewPlotTableViewController.swift */; };
		CF8E9A911A91A093008F8AF8 /* Visual.swift in Sources */ = {isa = PBXBuildFile; fileRef = CF8E9A901A91A093008F8AF8 /* Visual.swift */; };
		CF8E9A941A91A17F008F8AF8 /* VisualType.swift in Sources */ = {isa = PBXBuildFile; fileRef = CF8E9A931A91A17F008F8AF8 /* VisualType.swift */; };
		CF8E9A9A1A91BBFB008F8AF8 /* View.swift in Sources */ = {isa = PBXBuildFile; fileRef = CF8E9A991A91BBFB008F8AF8 /* View.swift */; };
		CF8E9A9D1A91BF49008F8AF8 /* ViewTableViewCell.swift in Sources */ = {isa = PBXBuildFile; fileRef = CF8E9A9C1A91BF49008F8AF8 /* ViewTableViewCell.swift */; };
		CFC8DBE41A92AAA400727A97 /* EditViewsTableViewController.swift in Sources */ = {isa = PBXBuildFile; fileRef = CFC8DBE31A92AAA400727A97 /* EditViewsTableViewController.swift */; };
		CFC8DBE61A92B21100727A97 /* EditViewTableViewCell.swift in Sources */ = {isa = PBXBuildFile; fileRef = CFC8DBE51A92B21100727A97 /* EditViewTableViewCell.swift */; };
/* End PBXBuildFile section */

/* Begin PBXContainerItemProxy section */
		A06FFD771A06AA08001B3FF8 /* PBXContainerItemProxy */ = {
			isa = PBXContainerItemProxy;
			containerPortal = A06FFD561A06AA08001B3FF8 /* Project object */;
			proxyType = 1;
			remoteGlobalIDString = A06FFD5D1A06AA08001B3FF8;
			remoteInfo = DrillAlert;
		};
/* End PBXContainerItemProxy section */

/* Begin PBXFileReference section */
		A018E4031A2B005A001EF20E /* ParameterAlert.swift */ = {isa = PBXFileReference; fileEncoding = 4; lastKnownFileType = sourcecode.swift; path = ParameterAlert.swift; sourceTree = "<group>"; };
		A018E4051A2B010A001EF20E /* Parameter.swift */ = {isa = PBXFileReference; fileEncoding = 4; lastKnownFileType = sourcecode.swift; path = Parameter.swift; sourceTree = "<group>"; };
		A018E4091A2B0733001EF20E /* ManageAlertsTableViewController.swift */ = {isa = PBXFileReference; fileEncoding = 4; lastKnownFileType = sourcecode.swift; path = ManageAlertsTableViewController.swift; sourceTree = "<group>"; };
		A018E40B1A2BB4E8001EF20E /* AddEditAlertTableViewController.swift */ = {isa = PBXFileReference; fileEncoding = 4; lastKnownFileType = sourcecode.swift; path = AddEditAlertTableViewController.swift; sourceTree = "<group>"; };
		A02679FA1A742A4900ED8FFB /* APIHelper.swift */ = {isa = PBXFileReference; fileEncoding = 4; lastKnownFileType = sourcecode.swift; path = APIHelper.swift; sourceTree = "<group>"; };
		A02D86421A6D953A00D22A38 /* AlertInboxTableViewController.swift */ = {isa = PBXFileReference; fileEncoding = 4; lastKnownFileType = sourcecode.swift; path = AlertInboxTableViewController.swift; sourceTree = "<group>"; };
		A02D86441A6D97BF00D22A38 /* AlertInboxCell.swift */ = {isa = PBXFileReference; fileEncoding = 4; lastKnownFileType = sourcecode.swift; path = AlertInboxCell.swift; sourceTree = "<group>"; };
		A033918B1A92DC120018F2B6 /* UserSession.swift */ = {isa = PBXFileReference; fileEncoding = 4; lastKnownFileType = sourcecode.swift; path = UserSession.swift; sourceTree = "<group>"; };
		A0343D261A26493800FA0464 /* DrillAlert-Bridging-Header.h */ = {isa = PBXFileReference; lastKnownFileType = sourcecode.c.h; path = "DrillAlert-Bridging-Header.h"; sourceTree = "<group>"; };
		A0343D301A2674C100FA0464 /* Entitlements.plist */ = {isa = PBXFileReference; fileEncoding = 4; lastKnownFileType = text.plist.xml; path = Entitlements.plist; sourceTree = "<group>"; };
		A0343D321A2AB66100FA0464 /* WellboreTableViewCell.swift */ = {isa = PBXFileReference; fileEncoding = 4; lastKnownFileType = sourcecode.swift; path = WellboreTableViewCell.swift; sourceTree = "<group>"; };
		A0343D381A2AC85400FA0464 /* WellboreDetailViewController.swift */ = {isa = PBXFileReference; fileEncoding = 4; lastKnownFileType = sourcecode.swift; path = WellboreDetailViewController.swift; sourceTree = "<group>"; };
		A0343D401A2AFE9C00FA0464 /* ParameterAlertTableViewCell.swift */ = {isa = PBXFileReference; fileEncoding = 4; lastKnownFileType = sourcecode.swift; path = ParameterAlertTableViewCell.swift; sourceTree = "<group>"; };
		A042B2DC1A195ED600660AB7 /* VisualViewController.swift */ = {isa = PBXFileReference; fileEncoding = 4; lastKnownFileType = sourcecode.swift; path = VisualViewController.swift; sourceTree = "<group>"; };
		A042B2DE1A19645F00660AB7 /* index.html */ = {isa = PBXFileReference; fileEncoding = 4; lastKnownFileType = text.html; path = index.html; sourceTree = "<group>"; };
		A042B2E01A19669E00660AB7 /* d3.min.js */ = {isa = PBXFileReference; fileEncoding = 4; lastKnownFileType = sourcecode.javascript; path = d3.min.js; sourceTree = "<group>"; };
		A04AB1F21A81C9AD003704CC /* d3.js */ = {isa = PBXFileReference; fileEncoding = 4; lastKnownFileType = sourcecode.javascript; path = d3.js; sourceTree = "<group>"; };
		A05A35CD1A083727008EA386 /* AdminTableViewController.swift */ = {isa = PBXFileReference; fileEncoding = 4; lastKnownFileType = sourcecode.swift; path = AdminTableViewController.swift; sourceTree = "<group>"; };
		A05A35D11A0837ED008EA386 /* Well.swift */ = {isa = PBXFileReference; fileEncoding = 4; lastKnownFileType = sourcecode.swift; path = Well.swift; sourceTree = "<group>"; };
		A066D5B71A2EA9C700E16E58 /* AddressBook.framework */ = {isa = PBXFileReference; lastKnownFileType = wrapper.framework; name = AddressBook.framework; path = System/Library/Frameworks/AddressBook.framework; sourceTree = SDKROOT; };
		A066D5B91A2EA9D100E16E58 /* AssetsLibrary.framework */ = {isa = PBXFileReference; lastKnownFileType = wrapper.framework; name = AssetsLibrary.framework; path = System/Library/Frameworks/AssetsLibrary.framework; sourceTree = SDKROOT; };
		A066D5BB1A2EA9DB00E16E58 /* Foundation.framework */ = {isa = PBXFileReference; lastKnownFileType = wrapper.framework; name = Foundation.framework; path = System/Library/Frameworks/Foundation.framework; sourceTree = SDKROOT; };
		A066D5BD1A2EA9E400E16E58 /* CoreLocation.framework */ = {isa = PBXFileReference; lastKnownFileType = wrapper.framework; name = CoreLocation.framework; path = System/Library/Frameworks/CoreLocation.framework; sourceTree = SDKROOT; };
		A066D5BF1A2EA9EF00E16E58 /* CoreMotion.framework */ = {isa = PBXFileReference; lastKnownFileType = wrapper.framework; name = CoreMotion.framework; path = System/Library/Frameworks/CoreMotion.framework; sourceTree = SDKROOT; };
		A066D5C11A2EA9FC00E16E58 /* CoreGraphics.framework */ = {isa = PBXFileReference; lastKnownFileType = wrapper.framework; name = CoreGraphics.framework; path = System/Library/Frameworks/CoreGraphics.framework; sourceTree = SDKROOT; };
		A066D5C31A2EAA0600E16E58 /* CoreText.framework */ = {isa = PBXFileReference; lastKnownFileType = wrapper.framework; name = CoreText.framework; path = System/Library/Frameworks/CoreText.framework; sourceTree = SDKROOT; };
		A066D5C51A2EAA0E00E16E58 /* MediaPlayer.framework */ = {isa = PBXFileReference; lastKnownFileType = wrapper.framework; name = MediaPlayer.framework; path = System/Library/Frameworks/MediaPlayer.framework; sourceTree = SDKROOT; };
		A066D5C71A2EAA1700E16E58 /* Security.framework */ = {isa = PBXFileReference; lastKnownFileType = wrapper.framework; name = Security.framework; path = System/Library/Frameworks/Security.framework; sourceTree = SDKROOT; };
		A066D5C91A2EAA2100E16E58 /* SystemConfiguration.framework */ = {isa = PBXFileReference; lastKnownFileType = wrapper.framework; name = SystemConfiguration.framework; path = System/Library/Frameworks/SystemConfiguration.framework; sourceTree = SDKROOT; };
		A066D5CB1A2EAA2900E16E58 /* UIKit.framework */ = {isa = PBXFileReference; lastKnownFileType = wrapper.framework; name = UIKit.framework; path = System/Library/Frameworks/UIKit.framework; sourceTree = SDKROOT; };
		A066D5D11A2EBD4B00E16E58 /* PaddedUITextField.swift */ = {isa = PBXFileReference; fileEncoding = 4; lastKnownFileType = sourcecode.swift; path = PaddedUITextField.swift; sourceTree = "<group>"; };
		A0699A9B1A80231A004F9C97 /* Curve.swift */ = {isa = PBXFileReference; fileEncoding = 4; lastKnownFileType = sourcecode.swift; path = Curve.swift; sourceTree = "<group>"; };
		A0699A9D1A809102004F9C97 /* SegmentControlToolbar.swift */ = {isa = PBXFileReference; fileEncoding = 4; lastKnownFileType = sourcecode.swift; path = SegmentControlToolbar.swift; sourceTree = "<group>"; };
		A0699A9F1A809B78004F9C97 /* WellboreView.swift */ = {isa = PBXFileReference; fileEncoding = 4; lastKnownFileType = sourcecode.swift; path = WellboreView.swift; sourceTree = "<group>"; };
		A06FFD5E1A06AA08001B3FF8 /* DrillAlert.app */ = {isa = PBXFileReference; explicitFileType = wrapper.application; includeInIndex = 0; path = DrillAlert.app; sourceTree = BUILT_PRODUCTS_DIR; };
		A06FFD621A06AA08001B3FF8 /* Info.plist */ = {isa = PBXFileReference; lastKnownFileType = text.plist.xml; path = Info.plist; sourceTree = "<group>"; };
		A06FFD631A06AA08001B3FF8 /* AppDelegate.swift */ = {isa = PBXFileReference; lastKnownFileType = sourcecode.swift; path = AppDelegate.swift; sourceTree = "<group>"; };
		A06FFD661A06AA08001B3FF8 /* DrillAlert.xcdatamodel */ = {isa = PBXFileReference; lastKnownFileType = wrapper.xcdatamodel; path = DrillAlert.xcdatamodel; sourceTree = "<group>"; };
		A06FFD681A06AA08001B3FF8 /* LoginViewController.swift */ = {isa = PBXFileReference; lastKnownFileType = sourcecode.swift; path = LoginViewController.swift; sourceTree = "<group>"; };
		A06FFD6B1A06AA08001B3FF8 /* Base */ = {isa = PBXFileReference; lastKnownFileType = file.storyboard; name = Base; path = Base.lproj/Main.storyboard; sourceTree = "<group>"; };
		A06FFD6D1A06AA08001B3FF8 /* Images.xcassets */ = {isa = PBXFileReference; lastKnownFileType = folder.assetcatalog; path = Images.xcassets; sourceTree = "<group>"; };
		A06FFD701A06AA08001B3FF8 /* Base */ = {isa = PBXFileReference; lastKnownFileType = file.xib; name = Base; path = Base.lproj/LaunchScreen.xib; sourceTree = "<group>"; };
		A06FFD761A06AA08001B3FF8 /* DrillAlertTests.xctest */ = {isa = PBXFileReference; explicitFileType = wrapper.cfbundle; includeInIndex = 0; path = DrillAlertTests.xctest; sourceTree = BUILT_PRODUCTS_DIR; };
		A06FFD7B1A06AA08001B3FF8 /* Info.plist */ = {isa = PBXFileReference; lastKnownFileType = text.plist.xml; path = Info.plist; sourceTree = "<group>"; };
		A06FFD7C1A06AA08001B3FF8 /* DrillAlertTests.swift */ = {isa = PBXFileReference; lastKnownFileType = sourcecode.swift; path = DrillAlertTests.swift; sourceTree = "<group>"; };
		A0772F1F1A928EBD00DE37B1 /* Alert.swift */ = {isa = PBXFileReference; fileEncoding = 4; lastKnownFileType = sourcecode.swift; path = Alert.swift; sourceTree = "<group>"; };
		A0772F211A92921300DE37B1 /* AlertType.swift */ = {isa = PBXFileReference; fileEncoding = 4; lastKnownFileType = sourcecode.swift; path = AlertType.swift; sourceTree = "<group>"; };
		A0772F231A92921300DE37B1 /* AlertPriority.swift */ = {isa = PBXFileReference; fileEncoding = 4; lastKnownFileType = sourcecode.swift; path = AlertPriority.swift; sourceTree = "<group>"; };
		A087EEDD1A06C09D0073FDD0 /* HomeViewController.swift */ = {isa = PBXFileReference; fileEncoding = 4; lastKnownFileType = sourcecode.swift; path = HomeViewController.swift; sourceTree = "<group>"; };
		A095D57E1A78A3FA000889CB /* JSON.swift */ = {isa = PBXFileReference; fileEncoding = 4; lastKnownFileType = sourcecode.swift; path = JSON.swift; sourceTree = "<group>"; };
		A095D5801A78A403000889CB /* JSONArray.swift */ = {isa = PBXFileReference; fileEncoding = 4; lastKnownFileType = sourcecode.swift; path = JSONArray.swift; sourceTree = "<group>"; };
		A095D5821A78B74D000889CB /* AlertTableViewCell.swift */ = {isa = PBXFileReference; fileEncoding = 4; lastKnownFileType = sourcecode.swift; path = AlertTableViewCell.swift; sourceTree = "<group>"; };
		A095FB8B1A2FC37200B15D39 /* AlertValueCell.swift */ = {isa = PBXFileReference; fileEncoding = 4; lastKnownFileType = sourcecode.swift; path = AlertValueCell.swift; sourceTree = "<group>"; };
		A095FB8E1A2FC38C00B15D39 /* AlertWhenCell.swift */ = {isa = PBXFileReference; fileEncoding = 4; lastKnownFileType = sourcecode.swift; path = AlertWhenCell.swift; sourceTree = "<group>"; };
		A095FB901A2FC39800B15D39 /* AlertPriorityCell.swift */ = {isa = PBXFileReference; fileEncoding = 4; lastKnownFileType = sourcecode.swift; path = AlertPriorityCell.swift; sourceTree = "<group>"; };
		A095FB921A2FF20D00B15D39 /* gauge.html */ = {isa = PBXFileReference; fileEncoding = 4; lastKnownFileType = text.html; path = gauge.html; sourceTree = "<group>"; };
		A0A783D91A78BCFB00C3B20A /* AlertPriorityStandard.swift */ = {isa = PBXFileReference; fileEncoding = 4; lastKnownFileType = sourcecode.swift; path = AlertPriorityStandard.swift; sourceTree = "<group>"; };
		A0A783DB1A78BD1000C3B20A /* AlertTypeStandard.swift */ = {isa = PBXFileReference; fileEncoding = 4; lastKnownFileType = sourcecode.swift; path = AlertTypeStandard.swift; sourceTree = "<group>"; };
		A0CCC5E31A81C69600F92B36 /* graph.html */ = {isa = PBXFileReference; fileEncoding = 4; lastKnownFileType = text.html; path = graph.html; sourceTree = "<group>"; };
		A0CCC5E41A81C69600F92B36 /* graph.js */ = {isa = PBXFileReference; fileEncoding = 4; lastKnownFileType = sourcecode.javascript; path = graph.js; sourceTree = "<group>"; };
		A0CE03271A0ECEFB0076EE3E /* Wellbore.swift */ = {isa = PBXFileReference; fileEncoding = 4; lastKnownFileType = sourcecode.swift; path = Wellbore.swift; sourceTree = "<group>"; };
		A0CE032B1A0ED67C0076EE3E /* VisualsViewController.swift */ = {isa = PBXFileReference; fileEncoding = 4; lastKnownFileType = sourcecode.swift; path = VisualsViewController.swift; sourceTree = "<group>"; };
		A0CEDBA11A0C3ADF0051BDB8 /* User.swift */ = {isa = PBXFileReference; fileEncoding = 4; lastKnownFileType = sourcecode.swift; path = User.swift; sourceTree = "<group>"; };
		A0DB7DBC1A2FB96000C8C9A2 /* AddOrEditAlertTableViewController.swift */ = {isa = PBXFileReference; fileEncoding = 4; lastKnownFileType = sourcecode.swift; path = AddOrEditAlertTableViewController.swift; sourceTree = "<group>"; };
		A0DB7DBE1A2FB96E00C8C9A2 /* SelectAlertTypeTableViewController.swift */ = {isa = PBXFileReference; fileEncoding = 4; lastKnownFileType = sourcecode.swift; path = SelectAlertTypeTableViewController.swift; sourceTree = "<group>"; };
		A0EE29011A08AB7200B50700 /* UIViewExtension.swift */ = {isa = PBXFileReference; fileEncoding = 4; lastKnownFileType = sourcecode.swift; path = UIViewExtension.swift; sourceTree = "<group>"; };
		A0F0FBEC1A103DC600ADBDF3 /* WellUsersTableViewController.swift */ = {isa = PBXFileReference; fileEncoding = 4; lastKnownFileType = sourcecode.swift; path = WellUsersTableViewController.swift; sourceTree = "<group>"; };
        A0F1B5791A901B1200306DB7 /* HTMLNode.swift */ = {isa = PBXFileReference; fileEncoding = 4; lastKnownFileType = sourcecode.swift; path = HTMLNode.swift; sourceTree = "<group>"; };
        A0F1B57A1A901B1200306DB7 /* HTMLParser.swift */ = {isa = PBXFileReference; fileEncoding = 4; lastKnownFileType = sourcecode.swift; path = HTMLParser.swift; sourceTree = "<group>"; };
        A0F1B57C1A901B1200306DB7 /* SwiftHTMLParserLicense */ = {isa = PBXFileReference; fileEncoding = 4; lastKnownFileType = text; path = SwiftHTMLParserLicense; sourceTree = "<group>"; };
        A0F1B5801A901BE400306DB7 /* libxml2.dylib */ = {isa = PBXFileReference; lastKnownFileType = "compiled.mach-o.dylib"; name = libxml2.dylib; path = usr/lib/libxml2.dylib; sourceTree = SDKROOT; };
        A0F5D6441A95906400B68548 /* AlertNotification.swift */ = {isa = PBXFileReference; fileEncoding = 4; lastKnownFileType = sourcecode.swift; path = AlertNotification.swift; sourceTree = "<group>"; };
        CF4007641A78BDF4008E9C1F /* ManageVisualsTableViewController.swift */ = {isa = PBXFileReference; fileEncoding = 4; lastKnownFileType = sourcecode.swift; path = ManageVisualsTableViewController.swift; sourceTree = "<group>"; };
		CF0224E21A959E1F00115B0B /* EditViewTableViewController.swift */ = {isa = PBXFileReference; fileEncoding = 4; lastKnownFileType = sourcecode.swift; path = EditViewTableViewController.swift; sourceTree = "<group>"; };
		CF0224E41A95A8B100115B0B /* EditVisualTableViewCell.swift */ = {isa = PBXFileReference; fileEncoding = 4; lastKnownFileType = sourcecode.swift; path = EditVisualTableViewCell.swift; sourceTree = "<group>"; };
		CF4007641A78BDF4008E9C1F /* ManageViewsTableViewController.swift */ = {isa = PBXFileReference; fileEncoding = 4; lastKnownFileType = sourcecode.swift; path = ManageViewsTableViewController.swift; sourceTree = "<group>"; };
		CF4007671A78C789008E9C1F /* ManageVisualsTableViewCell.swift */ = {isa = PBXFileReference; fileEncoding = 4; lastKnownFileType = sourcecode.swift; path = ManageVisualsTableViewCell.swift; sourceTree = "<group>"; };
		CF75F7A81A95BA7100B7958D /* ChooseAddVisualTableViewController.swift */ = {isa = PBXFileReference; fileEncoding = 4; lastKnownFileType = sourcecode.swift; path = ChooseAddVisualTableViewController.swift; sourceTree = "<group>"; };
		CF75F7AA1A95CF1600B7958D /* NewPlotTableViewController.swift */ = {isa = PBXFileReference; fileEncoding = 4; lastKnownFileType = sourcecode.swift; path = NewPlotTableViewController.swift; sourceTree = "<group>"; };
		CF8E9A901A91A093008F8AF8 /* Visual.swift */ = {isa = PBXFileReference; fileEncoding = 4; lastKnownFileType = sourcecode.swift; path = Visual.swift; sourceTree = "<group>"; };
		CF8E9A931A91A17F008F8AF8 /* VisualType.swift */ = {isa = PBXFileReference; fileEncoding = 4; lastKnownFileType = sourcecode.swift; path = VisualType.swift; sourceTree = "<group>"; };
		CF8E9A991A91BBFB008F8AF8 /* View.swift */ = {isa = PBXFileReference; fileEncoding = 4; lastKnownFileType = sourcecode.swift; path = View.swift; sourceTree = "<group>"; };
		CF8E9A9C1A91BF49008F8AF8 /* ViewTableViewCell.swift */ = {isa = PBXFileReference; fileEncoding = 4; lastKnownFileType = sourcecode.swift; path = ViewTableViewCell.swift; sourceTree = "<group>"; };
		CFC8DBE31A92AAA400727A97 /* EditViewsTableViewController.swift */ = {isa = PBXFileReference; fileEncoding = 4; lastKnownFileType = sourcecode.swift; path = EditViewsTableViewController.swift; sourceTree = "<group>"; };
		CFC8DBE51A92B21100727A97 /* EditViewTableViewCell.swift */ = {isa = PBXFileReference; fileEncoding = 4; lastKnownFileType = sourcecode.swift; path = EditViewTableViewCell.swift; sourceTree = "<group>"; };
/* End PBXFileReference section */

/* Begin PBXFrameworksBuildPhase section */
		A06FFD5B1A06AA08001B3FF8 /* Frameworks */ = {
			isa = PBXFrameworksBuildPhase;
			buildActionMask = 2147483647;
			files = (
				A0F1B5811A901BE400306DB7 /* libxml2.dylib in Frameworks */,
				A066D5CC1A2EAA2900E16E58 /* UIKit.framework in Frameworks */,
				A066D5CA1A2EAA2100E16E58 /* SystemConfiguration.framework in Frameworks */,
				A066D5C81A2EAA1700E16E58 /* Security.framework in Frameworks */,
				A066D5C61A2EAA0E00E16E58 /* MediaPlayer.framework in Frameworks */,
				A066D5C41A2EAA0600E16E58 /* CoreText.framework in Frameworks */,
				A066D5C21A2EA9FC00E16E58 /* CoreGraphics.framework in Frameworks */,
				A066D5C01A2EA9EF00E16E58 /* CoreMotion.framework in Frameworks */,
				A066D5BE1A2EA9E400E16E58 /* CoreLocation.framework in Frameworks */,
				A066D5BC1A2EA9DB00E16E58 /* Foundation.framework in Frameworks */,
				A066D5BA1A2EA9D100E16E58 /* AssetsLibrary.framework in Frameworks */,
				A066D5B81A2EA9C700E16E58 /* AddressBook.framework in Frameworks */,
			);
			runOnlyForDeploymentPostprocessing = 0;
		};
		A06FFD731A06AA08001B3FF8 /* Frameworks */ = {
			isa = PBXFrameworksBuildPhase;
			buildActionMask = 2147483647;
			files = (
			);
			runOnlyForDeploymentPostprocessing = 0;
		};
/* End PBXFrameworksBuildPhase section */

/* Begin PBXGroup section */
		A018E4081A2B011D001EF20E /* Alerts */ = {
			isa = PBXGroup;
			children = (
				A018E4031A2B005A001EF20E /* ParameterAlert.swift */,
				A018E4051A2B010A001EF20E /* Parameter.swift */,
				A0A783D91A78BCFB00C3B20A /* AlertPriorityStandard.swift */,
				A0A783DB1A78BD1000C3B20A /* AlertTypeStandard.swift */,
			);
			name = Alerts;
			sourceTree = "<group>";
		};
		A0343D351A2AB6ED00FA0464 /* Extensions */ = {
			isa = PBXGroup;
			children = (
				A0EE29011A08AB7200B50700 /* UIViewExtension.swift */,
			);
			name = Extensions;
			sourceTree = "<group>";
		};
		A05A35CC1A08370E008EA386 /* Admin */ = {
			isa = PBXGroup;
			children = (
				A05A35CD1A083727008EA386 /* AdminTableViewController.swift */,
				A0F0FBEC1A103DC600ADBDF3 /* WellUsersTableViewController.swift */,
			);
			name = Admin;
			sourceTree = "<group>";
		};
		A05A35CF1A0837CC008EA386 /* Controllers */ = {
			isa = PBXGroup;
			children = (
				A06FFD681A06AA08001B3FF8 /* LoginViewController.swift */,
				A087EEDC1A06C0920073FDD0 /* Home */,
				A05A35CC1A08370E008EA386 /* Admin */,
			);
			name = Controllers;
			sourceTree = "<group>";
		};
		A05A35D01A0837DD008EA386 /* Models */ = {
			isa = PBXGroup;
			children = (
                A0772F1E1A928E2700DE37B1 /* CoreData */,
				CF8E9A981A91BBD9008F8AF8 /* View */,
				CF8E9A921A91A0A8008F8AF8 /* Visual */,
				A018E4081A2B011D001EF20E /* Alerts */,
				A05A35D11A0837ED008EA386 /* Well.swift */,
				A0CE03271A0ECEFB0076EE3E /* Wellbore.swift */,
				A0CEDBA11A0C3ADF0051BDB8 /* User.swift */,
				A02679FA1A742A4900ED8FFB /* APIHelper.swift */,
				A095D57E1A78A3FA000889CB /* JSON.swift */,
				A095D5801A78A403000889CB /* JSONArray.swift */,
				A0699A9B1A80231A004F9C97 /* Curve.swift */,
				A0699A9F1A809B78004F9C97 /* WellboreView.swift */,
				A033918B1A92DC120018F2B6 /* UserSession.swift */,
			);
			name = Models;
			sourceTree = "<group>";
		};
		A06FFD551A06AA08001B3FF8 = {
			isa = PBXGroup;
			children = (
				A0F1B5801A901BE400306DB7 /* libxml2.dylib */,
				A0343D301A2674C100FA0464 /* Entitlements.plist */,
				A06FFD601A06AA08001B3FF8 /* DrillAlert */,
				A06FFD791A06AA08001B3FF8 /* DrillAlertTests */,
				A06FFD5F1A06AA08001B3FF8 /* Products */,
			);
			sourceTree = "<group>";
		};
		A06FFD5F1A06AA08001B3FF8 /* Products */ = {
			isa = PBXGroup;
			children = (
				A06FFD5E1A06AA08001B3FF8 /* DrillAlert.app */,
				A06FFD761A06AA08001B3FF8 /* DrillAlertTests.xctest */,
			);
			name = Products;
			sourceTree = "<group>";
		};
		A06FFD601A06AA08001B3FF8 /* DrillAlert */ = {
			isa = PBXGroup;
			children = (
				A06FFD6A1A06AA08001B3FF8 /* Main.storyboard */,
				A06FFD651A06AA08001B3FF8 /* DrillAlert.xcdatamodeld */,
				A06FFD631A06AA08001B3FF8 /* AppDelegate.swift */,
				A05A35CF1A0837CC008EA386 /* Controllers */,
				A0EE29001A08AB6600B50700 /* Views */,
				A05A35D01A0837DD008EA386 /* Models */,
				A0343D351A2AB6ED00FA0464 /* Extensions */,
				A0CA2F5F1A26480500D12218 /* Frameworks */,
				A06FFD611A06AA08001B3FF8 /* Supporting Files */,
			);
			path = DrillAlert;
			sourceTree = "<group>";
		};
		A06FFD611A06AA08001B3FF8 /* Supporting Files */ = {
			isa = PBXGroup;
			children = (
				A06FFD6D1A06AA08001B3FF8 /* Images.xcassets */,
				A06FFD6F1A06AA08001B3FF8 /* LaunchScreen.xib */,
				A06FFD621A06AA08001B3FF8 /* Info.plist */,
			);
			name = "Supporting Files";
			sourceTree = "<group>";
		};
		A06FFD791A06AA08001B3FF8 /* DrillAlertTests */ = {
			isa = PBXGroup;
			children = (
				A06FFD7C1A06AA08001B3FF8 /* DrillAlertTests.swift */,
				A06FFD7A1A06AA08001B3FF8 /* Supporting Files */,
			);
			path = DrillAlertTests;
			sourceTree = "<group>";
		};
		A06FFD7A1A06AA08001B3FF8 /* Supporting Files */ = {
			isa = PBXGroup;
			children = (
				A06FFD7B1A06AA08001B3FF8 /* Info.plist */,
			);
			name = "Supporting Files";
			sourceTree = "<group>";
		};
		A0772F1E1A928E2700DE37B1 /* CoreData */ = {
			isa = PBXGroup;
			children = (
				A0F5D6441A95906400B68548 /* AlertNotification.swift */,
				A0772F231A92921300DE37B1 /* AlertPriority.swift */,
				A0772F211A92921300DE37B1 /* AlertType.swift */,
				A0772F1F1A928EBD00DE37B1 /* Alert.swift */,
			);
			name = CoreData;
			sourceTree = "<group>";
		};
		A087EEDC1A06C0920073FDD0 /* Home */ = {
			isa = PBXGroup;
			children = (
				A087EEDD1A06C09D0073FDD0 /* HomeViewController.swift */,
				A0C3C53D1A09D1900017BC9B /* WellboreDetail */,
			);
			name = Home;
			sourceTree = "<group>";
		};
		A095FB8D1A2FC37600B15D39 /* Alerts */ = {
			isa = PBXGroup;
			children = (
				A095FB8B1A2FC37200B15D39 /* AlertValueCell.swift */,
				A095FB8E1A2FC38C00B15D39 /* AlertWhenCell.swift */,
				A095FB901A2FC39800B15D39 /* AlertPriorityCell.swift */,
				A02D86441A6D97BF00D22A38 /* AlertInboxCell.swift */,
				A095D5821A78B74D000889CB /* AlertTableViewCell.swift */,
			);
			name = Alerts;
			sourceTree = "<group>";
		};
		A0C3C53D1A09D1900017BC9B /* WellboreDetail */ = {
			isa = PBXGroup;
			children = (
				A0343D381A2AC85400FA0464 /* WellboreDetailViewController.swift */,
				A0CE032A1A0ED5FB0076EE3E /* Alerts */,
				CF8E9A951A91B0BC008F8AF8 /* Views */,
			);
			name = WellboreDetail;
			sourceTree = "<group>";
		};
		A0CA2F5F1A26480500D12218 /* Frameworks */ = {
			isa = PBXGroup;
			children = (
				A0F1B5781A901B1200306DB7 /* SwiftHTMLParser */,
				A0343D261A26493800FA0464 /* DrillAlert-Bridging-Header.h */,
				A066D5CB1A2EAA2900E16E58 /* UIKit.framework */,
				A066D5C91A2EAA2100E16E58 /* SystemConfiguration.framework */,
				A066D5C71A2EAA1700E16E58 /* Security.framework */,
				A066D5C51A2EAA0E00E16E58 /* MediaPlayer.framework */,
				A066D5C31A2EAA0600E16E58 /* CoreText.framework */,
				A066D5C11A2EA9FC00E16E58 /* CoreGraphics.framework */,
				A066D5BF1A2EA9EF00E16E58 /* CoreMotion.framework */,
				A066D5BD1A2EA9E400E16E58 /* CoreLocation.framework */,
				A066D5BB1A2EA9DB00E16E58 /* Foundation.framework */,
				A066D5B91A2EA9D100E16E58 /* AssetsLibrary.framework */,
				A066D5B71A2EA9C700E16E58 /* AddressBook.framework */,
			);
			name = Frameworks;
			sourceTree = "<group>";
		};
		A0CCC5E71A81C69D00F92B36 /* Graph */ = {
			isa = PBXGroup;
			children = (
				A0CCC5E31A81C69600F92B36 /* graph.html */,
				A0CCC5E41A81C69600F92B36 /* graph.js */,
			);
			name = Graph;
			sourceTree = "<group>";
		};
		A0CCC5E81A81C6AB00F92B36 /* Examples */ = {
			isa = PBXGroup;
			children = (
				A042B2DE1A19645F00660AB7 /* index.html */,
				A095FB921A2FF20D00B15D39 /* gauge.html */,
			);
			name = Examples;
			sourceTree = "<group>";
		};
		A0CCC5E91A81C6CA00F92B36 /* Visualizations */ = {
			isa = PBXGroup;
			children = (
				A04AB1F21A81C9AD003704CC /* d3.js */,
				A042B2E01A19669E00660AB7 /* d3.min.js */,
				A0CCC5E81A81C6AB00F92B36 /* Examples */,
				A0CCC5E71A81C69D00F92B36 /* Graph */,
			);
			name = Visualizations;
			sourceTree = "<group>";
		};
		A0CE03291A0ED5F60076EE3E /* Visuals */ = {
			isa = PBXGroup;
			children = (
				CF75F7AA1A95CF1600B7958D /* NewPlotTableViewController.swift */,
				CF75F7A81A95BA7100B7958D /* ChooseAddVisualTableViewController.swift */,
				A0CCC5E91A81C6CA00F92B36 /* Visualizations */,
			);
			name = Visuals;
			sourceTree = "<group>";
		};
		A0CE032A1A0ED5FB0076EE3E /* Alerts */ = {
			isa = PBXGroup;
			children = (
				A018E4091A2B0733001EF20E /* ManageAlertsTableViewController.swift */,
				A018E40B1A2BB4E8001EF20E /* AddEditAlertTableViewController.swift */,
				A0DB7DBC1A2FB96000C8C9A2 /* AddOrEditAlertTableViewController.swift */,
				A0DB7DBE1A2FB96E00C8C9A2 /* SelectAlertTypeTableViewController.swift */,
				A02D86421A6D953A00D22A38 /* AlertInboxTableViewController.swift */,
			);
			name = Alerts;
			sourceTree = "<group>";
		};
		A0EE29001A08AB6600B50700 /* Views */ = {
			isa = PBXGroup;
			children = (
				CF8E9A9B1A91BF11008F8AF8 /* Views (collection of visuals) */,
				CF4007661A78C44C008E9C1F /* Visuals */,
				A095FB8D1A2FC37600B15D39 /* Alerts */,
				A0343D321A2AB66100FA0464 /* WellboreTableViewCell.swift */,
				A0343D401A2AFE9C00FA0464 /* ParameterAlertTableViewCell.swift */,
				A066D5D11A2EBD4B00E16E58 /* PaddedUITextField.swift */,
				A0699A9D1A809102004F9C97 /* SegmentControlToolbar.swift */,
			);
			name = Views;
			sourceTree = "<group>";
		};
		A0F1B5781A901B1200306DB7 /* SwiftHTMLParser */ = {
			isa = PBXGroup;
			children = (
				A0F1B5791A901B1200306DB7 /* HTMLNode.swift */,
				A0F1B57A1A901B1200306DB7 /* HTMLParser.swift */,
				A0F1B57C1A901B1200306DB7 /* SwiftHTMLParserLicense */,
			);
			path = SwiftHTMLParser;
			sourceTree = "<group>";
		};
		CF4007661A78C44C008E9C1F /* Visuals */ = {
			isa = PBXGroup;
			children = (
				CF4007671A78C789008E9C1F /* ManageVisualsTableViewCell.swift */,
				CF0224E41A95A8B100115B0B /* EditVisualTableViewCell.swift */,
			);
			name = Visuals;
			sourceTree = "<group>";
		};
		CF8E9A921A91A0A8008F8AF8 /* Visual */ = {
			isa = PBXGroup;
			children = (
				CF8E9A901A91A093008F8AF8 /* Visual.swift */,
				CF8E9A931A91A17F008F8AF8 /* VisualType.swift */,
			);
			name = Visual;
			sourceTree = "<group>";
		};
		CF8E9A951A91B0BC008F8AF8 /* Views */ = {
			isa = PBXGroup;
			children = (
				A0CE032B1A0ED67C0076EE3E /* VisualsViewController.swift */,
				A042B2DC1A195ED600660AB7 /* VisualViewController.swift */,
				CF4007641A78BDF4008E9C1F /* ManageViewsTableViewController.swift */,
				CFC8DBE31A92AAA400727A97 /* EditViewsTableViewController.swift */,
				CF0224E21A959E1F00115B0B /* EditViewTableViewController.swift */,
				A0CE03291A0ED5F60076EE3E /* Visuals */,
			);
			name = Views;
			sourceTree = "<group>";
		};
		CF8E9A981A91BBD9008F8AF8 /* View */ = {
			isa = PBXGroup;
			children = (
				CF8E9A991A91BBFB008F8AF8 /* View.swift */,
			);
			name = View;
			sourceTree = "<group>";
		};
		CF8E9A9B1A91BF11008F8AF8 /* Views (collection of visuals) */ = {
			isa = PBXGroup;
			children = (
				CF8E9A9C1A91BF49008F8AF8 /* ViewTableViewCell.swift */,
				CFC8DBE51A92B21100727A97 /* EditViewTableViewCell.swift */,
			);
			name = "Views (collection of visuals)";
			sourceTree = "<group>";
		};
/* End PBXGroup section */

/* Begin PBXNativeTarget section */
		A06FFD5D1A06AA08001B3FF8 /* DrillAlert */ = {
			isa = PBXNativeTarget;
			buildConfigurationList = A06FFD801A06AA08001B3FF8 /* Build configuration list for PBXNativeTarget "DrillAlert" */;
			buildPhases = (
				A06FFD5A1A06AA08001B3FF8 /* Sources */,
				A06FFD5B1A06AA08001B3FF8 /* Frameworks */,
				A06FFD5C1A06AA08001B3FF8 /* Resources */,
			);
			buildRules = (
			);
			dependencies = (
			);
			name = DrillAlert;
			productName = DrillAlert;
			productReference = A06FFD5E1A06AA08001B3FF8 /* DrillAlert.app */;
			productType = "com.apple.product-type.application";
		};
		A06FFD751A06AA08001B3FF8 /* DrillAlertTests */ = {
			isa = PBXNativeTarget;
			buildConfigurationList = A06FFD831A06AA08001B3FF8 /* Build configuration list for PBXNativeTarget "DrillAlertTests" */;
			buildPhases = (
				A06FFD721A06AA08001B3FF8 /* Sources */,
				A06FFD731A06AA08001B3FF8 /* Frameworks */,
				A06FFD741A06AA08001B3FF8 /* Resources */,
			);
			buildRules = (
			);
			dependencies = (
				A06FFD781A06AA08001B3FF8 /* PBXTargetDependency */,
			);
			name = DrillAlertTests;
			productName = DrillAlertTests;
			productReference = A06FFD761A06AA08001B3FF8 /* DrillAlertTests.xctest */;
			productType = "com.apple.product-type.bundle.unit-test";
		};
/* End PBXNativeTarget section */

/* Begin PBXProject section */
		A06FFD561A06AA08001B3FF8 /* Project object */ = {
			isa = PBXProject;
			attributes = {
				LastUpgradeCheck = 0610;
				ORGANIZATIONNAME = Drillionaires;
				TargetAttributes = {
					A06FFD5D1A06AA08001B3FF8 = {
						CreatedOnToolsVersion = 6.1;
						DevelopmentTeam = T696QZE37A;
						SystemCapabilities = {
							com.apple.BackgroundModes = {
								enabled = 1;
							};
						};
					};
					A06FFD751A06AA08001B3FF8 = {
						CreatedOnToolsVersion = 6.1;
						TestTargetID = A06FFD5D1A06AA08001B3FF8;
					};
				};
			};
			buildConfigurationList = A06FFD591A06AA08001B3FF8 /* Build configuration list for PBXProject "DrillAlert" */;
			compatibilityVersion = "Xcode 3.2";
			developmentRegion = English;
			hasScannedForEncodings = 0;
			knownRegions = (
				en,
				Base,
			);
			mainGroup = A06FFD551A06AA08001B3FF8;
			productRefGroup = A06FFD5F1A06AA08001B3FF8 /* Products */;
			projectDirPath = "";
			projectRoot = "";
			targets = (
				A06FFD5D1A06AA08001B3FF8 /* DrillAlert */,
				A06FFD751A06AA08001B3FF8 /* DrillAlertTests */,
			);
		};
/* End PBXProject section */

/* Begin PBXResourcesBuildPhase section */
		A06FFD5C1A06AA08001B3FF8 /* Resources */ = {
			isa = PBXResourcesBuildPhase;
			buildActionMask = 2147483647;
			files = (
				A0343D311A2674C100FA0464 /* Entitlements.plist in Resources */,
				A095FB931A2FF20D00B15D39 /* gauge.html in Resources */,
				A0F1B57F1A901B1200306DB7 /* SwiftHTMLParserLicense in Resources */,
				A042B2E11A19669E00660AB7 /* d3.min.js in Resources */,
				A06FFD6C1A06AA08001B3FF8 /* Main.storyboard in Resources */,
				A042B2DF1A19645F00660AB7 /* index.html in Resources */,
				A06FFD711A06AA08001B3FF8 /* LaunchScreen.xib in Resources */,
				A06FFD6E1A06AA08001B3FF8 /* Images.xcassets in Resources */,
				A04AB1F31A81C9AD003704CC /* d3.js in Resources */,
				A0CCC5E51A81C69600F92B36 /* graph.html in Resources */,
				A0CCC5E61A81C69600F92B36 /* graph.js in Resources */,
			);
			runOnlyForDeploymentPostprocessing = 0;
		};
		A06FFD741A06AA08001B3FF8 /* Resources */ = {
			isa = PBXResourcesBuildPhase;
			buildActionMask = 2147483647;
			files = (
			);
			runOnlyForDeploymentPostprocessing = 0;
		};
/* End PBXResourcesBuildPhase section */

/* Begin PBXSourcesBuildPhase section */
		A06FFD5A1A06AA08001B3FF8 /* Sources */ = {
			isa = PBXSourcesBuildPhase;
			buildActionMask = 2147483647;
			files = (
				CF4007651A78BDF4008E9C1F /* ManageViewsTableViewController.swift in Sources */,
				A018E4041A2B005A001EF20E /* ParameterAlert.swift in Sources */,
				CF75F7AC1A95D60200B7958D /* NewPlotTableViewController.swift in Sources */,
				A0343D411A2AFE9C00FA0464 /* ParameterAlertTableViewCell.swift in Sources */,
				A05A35CE1A083727008EA386 /* AdminTableViewController.swift in Sources */,
				A0343D331A2AB66100FA0464 /* WellboreTableViewCell.swift in Sources */,
				A02679FB1A742A4900ED8FFB /* APIHelper.swift in Sources */,
				A033918C1A92DC120018F2B6 /* UserSession.swift in Sources */,
				A0772F201A928EBD00DE37B1 /* Alert.swift in Sources */,
				A095FB911A2FC39800B15D39 /* AlertPriorityCell.swift in Sources */,
				A0772F241A92921300DE37B1 /* AlertPriority.swift in Sources */,
				A0A783DC1A78BD1000C3B20A /* AlertTypeStandard.swift in Sources */,
				A0EE29021A08AB7200B50700 /* UIViewExtension.swift in Sources */,
				A02D86431A6D953A00D22A38 /* AlertInboxTableViewController.swift in Sources */,
				A0F5D6451A95906400B68548 /* AlertNotification.swift in Sources */,
				A0DB7DBF1A2FB96E00C8C9A2 /* SelectAlertTypeTableViewController.swift in Sources */,
                A018E4001A2B003D001EF20E /* AlertStandard.swift in Sources */,
				A0F0FBED1A103DC600ADBDF3 /* WellUsersTableViewController.swift in Sources */,
				CFC8DBE41A92AAA400727A97 /* EditViewsTableViewController.swift in Sources */,
				A018E4001A2B003D001EF20E /* Alert.swift in Sources */,
				A0699A9E1A809102004F9C97 /* SegmentControlToolbar.swift in Sources */,
				A0CE032C1A0ED67C0076EE3E /* VisualsViewController.swift in Sources */,
				CF4007681A78C789008E9C1F /* ManageVisualsTableViewCell.swift in Sources */,
				A05A35D21A0837ED008EA386 /* Well.swift in Sources */,
				A06FFD691A06AA08001B3FF8 /* LoginViewController.swift in Sources */,
				A095D5831A78B74D000889CB /* AlertTableViewCell.swift in Sources */,
				CF8E9A911A91A093008F8AF8 /* Visual.swift in Sources */,
				A0CE03281A0ECEFB0076EE3E /* Wellbore.swift in Sources */,
				CF0224E31A959E1F00115B0B /* EditViewTableViewController.swift in Sources */,
				A018E40A1A2B0733001EF20E /* ManageAlertsTableViewController.swift in Sources */,
				A018E4061A2B010A001EF20E /* Parameter.swift in Sources */,
				A0CEDBA21A0C3ADF0051BDB8 /* User.swift in Sources */,
				A095FB8C1A2FC37200B15D39 /* AlertValueCell.swift in Sources */,
				A0699AA01A809B78004F9C97 /* WellboreView.swift in Sources */,
				CF8E9A9A1A91BBFB008F8AF8 /* View.swift in Sources */,
				A042B2DD1A195ED600660AB7 /* VisualViewController.swift in Sources */,
				A018E40C1A2BB4E8001EF20E /* AddEditAlertTableViewController.swift in Sources */,
				A0699A9C1A80231A004F9C97 /* Curve.swift in Sources */,
				A0F1B57D1A901B1200306DB7 /* HTMLNode.swift in Sources */,
				A095D57F1A78A3FA000889CB /* JSON.swift in Sources */,
				A0343D391A2AC85400FA0464 /* WellboreDetailViewController.swift in Sources */,
				A0772F221A92921300DE37B1 /* AlertType.swift in Sources */,
				A0DB7DBD1A2FB96000C8C9A2 /* AddOrEditAlertTableViewController.swift in Sources */,
				A06FFD671A06AA08001B3FF8 /* DrillAlert.xcdatamodeld in Sources */,
				A066D5D21A2EBD4B00E16E58 /* PaddedUITextField.swift in Sources */,
				A06FFD641A06AA08001B3FF8 /* AppDelegate.swift in Sources */,
                A0F1B57E1A901B1200306DB7 /* HTMLParser.swift in Sources */,
				CF8E9A941A91A17F008F8AF8 /* VisualType.swift in Sources */,
				CFC8DBE61A92B21100727A97 /* EditViewTableViewCell.swift in Sources */,
				CF75F7A91A95BA7100B7958D /* ChooseAddVisualTableViewController.swift in Sources */,
				A095FB8F1A2FC38C00B15D39 /* AlertWhenCell.swift in Sources */,
				A095D5811A78A403000889CB /* JSONArray.swift in Sources */,
				A0A783DA1A78BCFB00C3B20A /* AlertPriorityStandard.swift in Sources */,
				A087EEDE1A06C09D0073FDD0 /* HomeViewController.swift in Sources */,
				A02D86451A6D97BF00D22A38 /* AlertInboxCell.swift in Sources */,
				CF8E9A9D1A91BF49008F8AF8 /* ViewTableViewCell.swift in Sources */,
				CF0224E51A95A8B100115B0B /* EditVisualTableViewCell.swift in Sources */,
			);
			runOnlyForDeploymentPostprocessing = 0;
		};
		A06FFD721A06AA08001B3FF8 /* Sources */ = {
			isa = PBXSourcesBuildPhase;
			buildActionMask = 2147483647;
			files = (
				A06FFD7D1A06AA08001B3FF8 /* DrillAlertTests.swift in Sources */,
			);
			runOnlyForDeploymentPostprocessing = 0;
		};
/* End PBXSourcesBuildPhase section */

/* Begin PBXTargetDependency section */
		A06FFD781A06AA08001B3FF8 /* PBXTargetDependency */ = {
			isa = PBXTargetDependency;
			target = A06FFD5D1A06AA08001B3FF8 /* DrillAlert */;
			targetProxy = A06FFD771A06AA08001B3FF8 /* PBXContainerItemProxy */;
		};
/* End PBXTargetDependency section */

/* Begin PBXVariantGroup section */
		A06FFD6A1A06AA08001B3FF8 /* Main.storyboard */ = {
			isa = PBXVariantGroup;
			children = (
				A06FFD6B1A06AA08001B3FF8 /* Base */,
			);
			name = Main.storyboard;
			sourceTree = "<group>";
		};
		A06FFD6F1A06AA08001B3FF8 /* LaunchScreen.xib */ = {
			isa = PBXVariantGroup;
			children = (
				A06FFD701A06AA08001B3FF8 /* Base */,
			);
			name = LaunchScreen.xib;
			sourceTree = "<group>";
		};
/* End PBXVariantGroup section */

/* Begin XCBuildConfiguration section */
		A06FFD7E1A06AA08001B3FF8 /* Debug */ = {
			isa = XCBuildConfiguration;
			buildSettings = {
				ALWAYS_SEARCH_USER_PATHS = NO;
				CLANG_CXX_LANGUAGE_STANDARD = "gnu++0x";
				CLANG_CXX_LIBRARY = "libc++";
				CLANG_ENABLE_MODULES = YES;
				CLANG_ENABLE_OBJC_ARC = YES;
				CLANG_WARN_BOOL_CONVERSION = YES;
				CLANG_WARN_CONSTANT_CONVERSION = YES;
				CLANG_WARN_DIRECT_OBJC_ISA_USAGE = YES_ERROR;
				CLANG_WARN_EMPTY_BODY = YES;
				CLANG_WARN_ENUM_CONVERSION = YES;
				CLANG_WARN_INT_CONVERSION = YES;
				CLANG_WARN_OBJC_ROOT_CLASS = YES_ERROR;
				CLANG_WARN_UNREACHABLE_CODE = YES;
				CLANG_WARN__DUPLICATE_METHOD_MATCH = YES;
				"CODE_SIGN_IDENTITY[sdk=iphoneos*]" = "iPhone Developer";
				COPY_PHASE_STRIP = NO;
				ENABLE_STRICT_OBJC_MSGSEND = YES;
				GCC_C_LANGUAGE_STANDARD = gnu99;
				GCC_DYNAMIC_NO_PIC = NO;
				GCC_OPTIMIZATION_LEVEL = 0;
				GCC_PREPROCESSOR_DEFINITIONS = (
					"DEBUG=1",
					"$(inherited)",
				);
				GCC_SYMBOLS_PRIVATE_EXTERN = NO;
				GCC_WARN_64_TO_32_BIT_CONVERSION = YES;
				GCC_WARN_ABOUT_RETURN_TYPE = YES_ERROR;
				GCC_WARN_UNDECLARED_SELECTOR = YES;
				GCC_WARN_UNINITIALIZED_AUTOS = YES_AGGRESSIVE;
				GCC_WARN_UNUSED_FUNCTION = YES;
				GCC_WARN_UNUSED_VARIABLE = YES;
				IPHONEOS_DEPLOYMENT_TARGET = 8.1;
				MTL_ENABLE_DEBUG_INFO = YES;
				ONLY_ACTIVE_ARCH = YES;
				SDKROOT = iphoneos;
				SWIFT_OPTIMIZATION_LEVEL = "-Onone";
			};
			name = Debug;
		};
		A06FFD7F1A06AA08001B3FF8 /* Release */ = {
			isa = XCBuildConfiguration;
			buildSettings = {
				ALWAYS_SEARCH_USER_PATHS = NO;
				CLANG_CXX_LANGUAGE_STANDARD = "gnu++0x";
				CLANG_CXX_LIBRARY = "libc++";
				CLANG_ENABLE_MODULES = YES;
				CLANG_ENABLE_OBJC_ARC = YES;
				CLANG_WARN_BOOL_CONVERSION = YES;
				CLANG_WARN_CONSTANT_CONVERSION = YES;
				CLANG_WARN_DIRECT_OBJC_ISA_USAGE = YES_ERROR;
				CLANG_WARN_EMPTY_BODY = YES;
				CLANG_WARN_ENUM_CONVERSION = YES;
				CLANG_WARN_INT_CONVERSION = YES;
				CLANG_WARN_OBJC_ROOT_CLASS = YES_ERROR;
				CLANG_WARN_UNREACHABLE_CODE = YES;
				CLANG_WARN__DUPLICATE_METHOD_MATCH = YES;
				"CODE_SIGN_IDENTITY[sdk=iphoneos*]" = "iPhone Developer";
				COPY_PHASE_STRIP = YES;
				ENABLE_NS_ASSERTIONS = NO;
				ENABLE_STRICT_OBJC_MSGSEND = YES;
				GCC_C_LANGUAGE_STANDARD = gnu99;
				GCC_WARN_64_TO_32_BIT_CONVERSION = YES;
				GCC_WARN_ABOUT_RETURN_TYPE = YES_ERROR;
				GCC_WARN_UNDECLARED_SELECTOR = YES;
				GCC_WARN_UNINITIALIZED_AUTOS = YES_AGGRESSIVE;
				GCC_WARN_UNUSED_FUNCTION = YES;
				GCC_WARN_UNUSED_VARIABLE = YES;
				IPHONEOS_DEPLOYMENT_TARGET = 8.1;
				MTL_ENABLE_DEBUG_INFO = NO;
				SDKROOT = iphoneos;
				VALIDATE_PRODUCT = YES;
			};
			name = Release;
		};
		A06FFD811A06AA08001B3FF8 /* Debug */ = {
			isa = XCBuildConfiguration;
			buildSettings = {
				ASSETCATALOG_COMPILER_APPICON_NAME = AppIcon;
				CLANG_ENABLE_MODULES = YES;
				CODE_SIGN_ENTITLEMENTS = "";
				CODE_SIGN_IDENTITY = "iPhone Developer: Lucas David (P2KNH37UDW)";
				"CODE_SIGN_IDENTITY[sdk=iphoneos*]" = "iPhone Developer: Lucas David (P2KNH37UDW)";
				FRAMEWORK_SEARCH_PATHS = (
					"$(inherited)",
					"$(PROJECT_DIR)/DrillAlert",
					"/Users/lucas/Developer/CPE402/Resources/google-plus-ios-sdk-1.7.1",
				);
				HEADER_SEARCH_PATHS = (
					"$(inherited)",
					/Applications/Xcode.app/Contents/Developer/Toolchains/XcodeDefault.xctoolchain/usr/include,
					/usr/include/libxml2,
				);
				"HEADER_SEARCH_PATHS[arch=*]" = (
					"$(inherited)",
					/Applications/Xcode.app/Contents/Developer/Toolchains/XcodeDefault.xctoolchain/usr/include,
					/usr/include/libxml2,
				);
				INFOPLIST_FILE = DrillAlert/Info.plist;
				LD_RUNPATH_SEARCH_PATHS = "$(inherited) @executable_path/Frameworks";
				OTHER_LDFLAGS = "-ObjC";
				PRODUCT_NAME = "$(TARGET_NAME)";
				PROVISIONING_PROFILE = "";
				SWIFT_OBJC_BRIDGING_HEADER = "DrillAlert/DrillAlert-Bridging-Header.h";
				SWIFT_OPTIMIZATION_LEVEL = "-Onone";
				TARGETED_DEVICE_FAMILY = "1,2";
			};
			name = Debug;
		};
		A06FFD821A06AA08001B3FF8 /* Release */ = {
			isa = XCBuildConfiguration;
			buildSettings = {
				ASSETCATALOG_COMPILER_APPICON_NAME = AppIcon;
				CLANG_ENABLE_MODULES = YES;
				CODE_SIGN_ENTITLEMENTS = "";
				CODE_SIGN_IDENTITY = "iPhone Developer: Lucas David (P2KNH37UDW)";
				"CODE_SIGN_IDENTITY[sdk=iphoneos*]" = "iPhone Developer: Lucas David (P2KNH37UDW)";
				FRAMEWORK_SEARCH_PATHS = (
					"$(inherited)",
					"$(PROJECT_DIR)/DrillAlert",
					"/Users/lucas/Developer/CPE402/Resources/google-plus-ios-sdk-1.7.1",
				);
				HEADER_SEARCH_PATHS = (
					"$(inherited)",
					/Applications/Xcode.app/Contents/Developer/Toolchains/XcodeDefault.xctoolchain/usr/include,
					/usr/include/libxml2,
				);
				INFOPLIST_FILE = DrillAlert/Info.plist;
				LD_RUNPATH_SEARCH_PATHS = "$(inherited) @executable_path/Frameworks";
				OTHER_LDFLAGS = "-ObjC";
				PRODUCT_NAME = "$(TARGET_NAME)";
				PROVISIONING_PROFILE = "";
				SWIFT_OBJC_BRIDGING_HEADER = "DrillAlert/DrillAlert-Bridging-Header.h";
				TARGETED_DEVICE_FAMILY = "1,2";
			};
			name = Release;
		};
		A06FFD841A06AA08001B3FF8 /* Debug */ = {
			isa = XCBuildConfiguration;
			buildSettings = {
				BUNDLE_LOADER = "$(TEST_HOST)";
				CODE_SIGN_ENTITLEMENTS = Entitlements.plist;
				CODE_SIGN_IDENTITY = "-";
				FRAMEWORK_SEARCH_PATHS = (
					"$(SDKROOT)/Developer/Library/Frameworks",
					"$(inherited)",
				);
				GCC_PREPROCESSOR_DEFINITIONS = (
					"DEBUG=1",
					"$(inherited)",
				);
				INFOPLIST_FILE = DrillAlertTests/Info.plist;
				LD_RUNPATH_SEARCH_PATHS = "$(inherited) @executable_path/Frameworks @loader_path/Frameworks";
				PRODUCT_NAME = "$(TARGET_NAME)";
				TEST_HOST = "$(BUILT_PRODUCTS_DIR)/DrillAlert.app/DrillAlert";
			};
			name = Debug;
		};
		A06FFD851A06AA08001B3FF8 /* Release */ = {
			isa = XCBuildConfiguration;
			buildSettings = {
				BUNDLE_LOADER = "$(TEST_HOST)";
				CODE_SIGN_ENTITLEMENTS = Entitlements.plist;
				CODE_SIGN_IDENTITY = "-";
				FRAMEWORK_SEARCH_PATHS = (
					"$(SDKROOT)/Developer/Library/Frameworks",
					"$(inherited)",
				);
				INFOPLIST_FILE = DrillAlertTests/Info.plist;
				LD_RUNPATH_SEARCH_PATHS = "$(inherited) @executable_path/Frameworks @loader_path/Frameworks";
				PRODUCT_NAME = "$(TARGET_NAME)";
				TEST_HOST = "$(BUILT_PRODUCTS_DIR)/DrillAlert.app/DrillAlert";
			};
			name = Release;
		};
/* End XCBuildConfiguration section */

/* Begin XCConfigurationList section */
		A06FFD591A06AA08001B3FF8 /* Build configuration list for PBXProject "DrillAlert" */ = {
			isa = XCConfigurationList;
			buildConfigurations = (
				A06FFD7E1A06AA08001B3FF8 /* Debug */,
				A06FFD7F1A06AA08001B3FF8 /* Release */,
			);
			defaultConfigurationIsVisible = 0;
			defaultConfigurationName = Release;
		};
		A06FFD801A06AA08001B3FF8 /* Build configuration list for PBXNativeTarget "DrillAlert" */ = {
			isa = XCConfigurationList;
			buildConfigurations = (
				A06FFD811A06AA08001B3FF8 /* Debug */,
				A06FFD821A06AA08001B3FF8 /* Release */,
			);
			defaultConfigurationIsVisible = 0;
			defaultConfigurationName = Release;
		};
		A06FFD831A06AA08001B3FF8 /* Build configuration list for PBXNativeTarget "DrillAlertTests" */ = {
			isa = XCConfigurationList;
			buildConfigurations = (
				A06FFD841A06AA08001B3FF8 /* Debug */,
				A06FFD851A06AA08001B3FF8 /* Release */,
			);
			defaultConfigurationIsVisible = 0;
			defaultConfigurationName = Release;
		};
/* End XCConfigurationList section */

/* Begin XCVersionGroup section */
		A06FFD651A06AA08001B3FF8 /* DrillAlert.xcdatamodeld */ = {
			isa = XCVersionGroup;
			children = (
				A06FFD661A06AA08001B3FF8 /* DrillAlert.xcdatamodel */,
			);
			currentVersion = A06FFD661A06AA08001B3FF8 /* DrillAlert.xcdatamodel */;
			path = DrillAlert.xcdatamodeld;
			sourceTree = "<group>";
			versionGroupType = wrapper.xcdatamodel;
		};
/* End XCVersionGroup section */
	};
	rootObject = A06FFD561A06AA08001B3FF8 /* Project object */;
}
