// !$*UTF8*$!
{
	archiveVersion = 1;
	classes = {
	};
	objectVersion = 46;
	objects = {

/* Begin PBXBuildFile section */
		A018E4001A2B003D001EF20E /* Alert.swift in Sources */ = {isa = PBXBuildFile; fileRef = A018E3FF1A2B003D001EF20E /* Alert.swift */; };
		A018E4041A2B005A001EF20E /* ParameterAlert.swift in Sources */ = {isa = PBXBuildFile; fileRef = A018E4031A2B005A001EF20E /* ParameterAlert.swift */; };
		A018E4061A2B010A001EF20E /* Parameter.swift in Sources */ = {isa = PBXBuildFile; fileRef = A018E4051A2B010A001EF20E /* Parameter.swift */; };
		A018E40A1A2B0733001EF20E /* ParameterAlertsTableViewController.swift in Sources */ = {isa = PBXBuildFile; fileRef = A018E4091A2B0733001EF20E /* ParameterAlertsTableViewController.swift */; };
		A018E40C1A2BB4E8001EF20E /* AddParameterAlertTableViewController.swift in Sources */ = {isa = PBXBuildFile; fileRef = A018E40B1A2BB4E8001EF20E /* AddParameterAlertTableViewController.swift */; };
		A02679FB1A742A4900ED8FFB /* APIHelper.swift in Sources */ = {isa = PBXBuildFile; fileRef = A02679FA1A742A4900ED8FFB /* APIHelper.swift */; };
		A02D86431A6D953A00D22A38 /* AlertInboxTableViewController.swift in Sources */ = {isa = PBXBuildFile; fileRef = A02D86421A6D953A00D22A38 /* AlertInboxTableViewController.swift */; };
		A02D86451A6D97BF00D22A38 /* AlertInboxCell.swift in Sources */ = {isa = PBXBuildFile; fileRef = A02D86441A6D97BF00D22A38 /* AlertInboxCell.swift */; };
		A0343D311A2674C100FA0464 /* Entitlements.plist in Resources */ = {isa = PBXBuildFile; fileRef = A0343D301A2674C100FA0464 /* Entitlements.plist */; };
		A0343D331A2AB66100FA0464 /* WellboreTableViewCell.swift in Sources */ = {isa = PBXBuildFile; fileRef = A0343D321A2AB66100FA0464 /* WellboreTableViewCell.swift */; };
		A0343D391A2AC85400FA0464 /* WellboreDetailViewController.swift in Sources */ = {isa = PBXBuildFile; fileRef = A0343D381A2AC85400FA0464 /* WellboreDetailViewController.swift */; };
		A0343D411A2AFE9C00FA0464 /* ParameterAlertTableViewCell.swift in Sources */ = {isa = PBXBuildFile; fileRef = A0343D401A2AFE9C00FA0464 /* ParameterAlertTableViewCell.swift */; };
		A042B2DD1A195ED600660AB7 /* VisualViewController.swift in Sources */ = {isa = PBXBuildFile; fileRef = A042B2DC1A195ED600660AB7 /* VisualViewController.swift */; };
		A042B2DF1A19645F00660AB7 /* index.html in Resources */ = {isa = PBXBuildFile; fileRef = A042B2DE1A19645F00660AB7 /* index.html */; };
		A042B2E11A19669E00660AB7 /* d3.min.js in Resources */ = {isa = PBXBuildFile; fileRef = A042B2E01A19669E00660AB7 /* d3.min.js */; };
		A05A35CE1A083727008EA386 /* AdminTableViewController.swift in Sources */ = {isa = PBXBuildFile; fileRef = A05A35CD1A083727008EA386 /* AdminTableViewController.swift */; };
		A05A35D21A0837ED008EA386 /* Well.swift in Sources */ = {isa = PBXBuildFile; fileRef = A05A35D11A0837ED008EA386 /* Well.swift */; };
		A066D5B81A2EA9C700E16E58 /* AddressBook.framework in Frameworks */ = {isa = PBXBuildFile; fileRef = A066D5B71A2EA9C700E16E58 /* AddressBook.framework */; };
		A066D5BA1A2EA9D100E16E58 /* AssetsLibrary.framework in Frameworks */ = {isa = PBXBuildFile; fileRef = A066D5B91A2EA9D100E16E58 /* AssetsLibrary.framework */; };
		A066D5BC1A2EA9DB00E16E58 /* Foundation.framework in Frameworks */ = {isa = PBXBuildFile; fileRef = A066D5BB1A2EA9DB00E16E58 /* Foundation.framework */; };
		A066D5BE1A2EA9E400E16E58 /* CoreLocation.framework in Frameworks */ = {isa = PBXBuildFile; fileRef = A066D5BD1A2EA9E400E16E58 /* CoreLocation.framework */; };
		A066D5C01A2EA9EF00E16E58 /* CoreMotion.framework in Frameworks */ = {isa = PBXBuildFile; fileRef = A066D5BF1A2EA9EF00E16E58 /* CoreMotion.framework */; };
		A066D5C21A2EA9FC00E16E58 /* CoreGraphics.framework in Frameworks */ = {isa = PBXBuildFile; fileRef = A066D5C11A2EA9FC00E16E58 /* CoreGraphics.framework */; };
		A066D5C41A2EAA0600E16E58 /* CoreText.framework in Frameworks */ = {isa = PBXBuildFile; fileRef = A066D5C31A2EAA0600E16E58 /* CoreText.framework */; };
		A066D5C61A2EAA0E00E16E58 /* MediaPlayer.framework in Frameworks */ = {isa = PBXBuildFile; fileRef = A066D5C51A2EAA0E00E16E58 /* MediaPlayer.framework */; };
		A066D5C81A2EAA1700E16E58 /* Security.framework in Frameworks */ = {isa = PBXBuildFile; fileRef = A066D5C71A2EAA1700E16E58 /* Security.framework */; };
		A066D5CA1A2EAA2100E16E58 /* SystemConfiguration.framework in Frameworks */ = {isa = PBXBuildFile; fileRef = A066D5C91A2EAA2100E16E58 /* SystemConfiguration.framework */; };
		A066D5CC1A2EAA2900E16E58 /* UIKit.framework in Frameworks */ = {isa = PBXBuildFile; fileRef = A066D5CB1A2EAA2900E16E58 /* UIKit.framework */; };
		A066D5D21A2EBD4B00E16E58 /* PaddedUITextField.swift in Sources */ = {isa = PBXBuildFile; fileRef = A066D5D11A2EBD4B00E16E58 /* PaddedUITextField.swift */; };
		A06FFD641A06AA08001B3FF8 /* AppDelegate.swift in Sources */ = {isa = PBXBuildFile; fileRef = A06FFD631A06AA08001B3FF8 /* AppDelegate.swift */; };
		A06FFD671A06AA08001B3FF8 /* DrillAlert.xcdatamodeld in Sources */ = {isa = PBXBuildFile; fileRef = A06FFD651A06AA08001B3FF8 /* DrillAlert.xcdatamodeld */; };
		A06FFD691A06AA08001B3FF8 /* LoginViewController.swift in Sources */ = {isa = PBXBuildFile; fileRef = A06FFD681A06AA08001B3FF8 /* LoginViewController.swift */; };
		A06FFD6C1A06AA08001B3FF8 /* Main.storyboard in Resources */ = {isa = PBXBuildFile; fileRef = A06FFD6A1A06AA08001B3FF8 /* Main.storyboard */; };
		A06FFD6E1A06AA08001B3FF8 /* Images.xcassets in Resources */ = {isa = PBXBuildFile; fileRef = A06FFD6D1A06AA08001B3FF8 /* Images.xcassets */; };
		A06FFD711A06AA08001B3FF8 /* LaunchScreen.xib in Resources */ = {isa = PBXBuildFile; fileRef = A06FFD6F1A06AA08001B3FF8 /* LaunchScreen.xib */; };
		A06FFD7D1A06AA08001B3FF8 /* DrillAlertTests.swift in Sources */ = {isa = PBXBuildFile; fileRef = A06FFD7C1A06AA08001B3FF8 /* DrillAlertTests.swift */; };
		A087EEDE1A06C09D0073FDD0 /* HomeViewController.swift in Sources */ = {isa = PBXBuildFile; fileRef = A087EEDD1A06C09D0073FDD0 /* HomeViewController.swift */; };
		A095FB8C1A2FC37200B15D39 /* AlertValueCell.swift in Sources */ = {isa = PBXBuildFile; fileRef = A095FB8B1A2FC37200B15D39 /* AlertValueCell.swift */; };
		A095FB8F1A2FC38C00B15D39 /* AlertWhenCell.swift in Sources */ = {isa = PBXBuildFile; fileRef = A095FB8E1A2FC38C00B15D39 /* AlertWhenCell.swift */; };
		A095FB911A2FC39800B15D39 /* AlertPriorityCell.swift in Sources */ = {isa = PBXBuildFile; fileRef = A095FB901A2FC39800B15D39 /* AlertPriorityCell.swift */; };
		A095FB931A2FF20D00B15D39 /* gauge.html in Resources */ = {isa = PBXBuildFile; fileRef = A095FB921A2FF20D00B15D39 /* gauge.html */; };
		A0CE03281A0ECEFB0076EE3E /* Wellbore.swift in Sources */ = {isa = PBXBuildFile; fileRef = A0CE03271A0ECEFB0076EE3E /* Wellbore.swift */; };
		A0CE032C1A0ED67C0076EE3E /* VisualsViewController.swift in Sources */ = {isa = PBXBuildFile; fileRef = A0CE032B1A0ED67C0076EE3E /* VisualsViewController.swift */; };
		A0CEDBA21A0C3ADF0051BDB8 /* User.swift in Sources */ = {isa = PBXBuildFile; fileRef = A0CEDBA11A0C3ADF0051BDB8 /* User.swift */; };
		A0DB7DBD1A2FB96000C8C9A2 /* AddOrEditAlertTableViewController.swift in Sources */ = {isa = PBXBuildFile; fileRef = A0DB7DBC1A2FB96000C8C9A2 /* AddOrEditAlertTableViewController.swift */; };
		A0DB7DBF1A2FB96E00C8C9A2 /* SelectParameterTableViewController.swift in Sources */ = {isa = PBXBuildFile; fileRef = A0DB7DBE1A2FB96E00C8C9A2 /* SelectParameterTableViewController.swift */; };
		A0EE29021A08AB7200B50700 /* UIViewExtension.swift in Sources */ = {isa = PBXBuildFile; fileRef = A0EE29011A08AB7200B50700 /* UIViewExtension.swift */; };
		A0F0FBED1A103DC600ADBDF3 /* WellUsersTableViewController.swift in Sources */ = {isa = PBXBuildFile; fileRef = A0F0FBEC1A103DC600ADBDF3 /* WellUsersTableViewController.swift */; };
		CF4007651A78BDF4008E9C1F /* ManageVisualsTableViewController.swift in Sources */ = {isa = PBXBuildFile; fileRef = CF4007641A78BDF4008E9C1F /* ManageVisualsTableViewController.swift */; };
/* End PBXBuildFile section */

/* Begin PBXContainerItemProxy section */
		A06FFD771A06AA08001B3FF8 /* PBXContainerItemProxy */ = {
			isa = PBXContainerItemProxy;
			containerPortal = A06FFD561A06AA08001B3FF8 /* Project object */;
			proxyType = 1;
			remoteGlobalIDString = A06FFD5D1A06AA08001B3FF8;
			remoteInfo = DrillAlert;
		};
/* End PBXContainerItemProxy section */

/* Begin PBXFileReference section */
		A018E3FF1A2B003D001EF20E /* Alert.swift */ = {isa = PBXFileReference; fileEncoding = 4; lastKnownFileType = sourcecode.swift; path = Alert.swift; sourceTree = "<group>"; };
		A018E4031A2B005A001EF20E /* ParameterAlert.swift */ = {isa = PBXFileReference; fileEncoding = 4; lastKnownFileType = sourcecode.swift; path = ParameterAlert.swift; sourceTree = "<group>"; };
		A018E4051A2B010A001EF20E /* Parameter.swift */ = {isa = PBXFileReference; fileEncoding = 4; lastKnownFileType = sourcecode.swift; path = Parameter.swift; sourceTree = "<group>"; };
		A018E4091A2B0733001EF20E /* ParameterAlertsTableViewController.swift */ = {isa = PBXFileReference; fileEncoding = 4; lastKnownFileType = sourcecode.swift; path = ParameterAlertsTableViewController.swift; sourceTree = "<group>"; };
		A018E40B1A2BB4E8001EF20E /* AddParameterAlertTableViewController.swift */ = {isa = PBXFileReference; fileEncoding = 4; lastKnownFileType = sourcecode.swift; path = AddParameterAlertTableViewController.swift; sourceTree = "<group>"; };
		A02679FA1A742A4900ED8FFB /* APIHelper.swift */ = {isa = PBXFileReference; fileEncoding = 4; lastKnownFileType = sourcecode.swift; path = APIHelper.swift; sourceTree = "<group>"; };
		A02D86421A6D953A00D22A38 /* AlertInboxTableViewController.swift */ = {isa = PBXFileReference; fileEncoding = 4; lastKnownFileType = sourcecode.swift; path = AlertInboxTableViewController.swift; sourceTree = "<group>"; };
		A02D86441A6D97BF00D22A38 /* AlertInboxCell.swift */ = {isa = PBXFileReference; fileEncoding = 4; lastKnownFileType = sourcecode.swift; path = AlertInboxCell.swift; sourceTree = "<group>"; };
		A0343D261A26493800FA0464 /* DrillAlert-Bridging-Header.h */ = {isa = PBXFileReference; lastKnownFileType = sourcecode.c.h; path = "DrillAlert-Bridging-Header.h"; sourceTree = "<group>"; };
		A0343D301A2674C100FA0464 /* Entitlements.plist */ = {isa = PBXFileReference; fileEncoding = 4; lastKnownFileType = text.plist.xml; path = Entitlements.plist; sourceTree = "<group>"; };
		A0343D321A2AB66100FA0464 /* WellboreTableViewCell.swift */ = {isa = PBXFileReference; fileEncoding = 4; lastKnownFileType = sourcecode.swift; path = WellboreTableViewCell.swift; sourceTree = "<group>"; };
		A0343D381A2AC85400FA0464 /* WellboreDetailViewController.swift */ = {isa = PBXFileReference; fileEncoding = 4; lastKnownFileType = sourcecode.swift; path = WellboreDetailViewController.swift; sourceTree = "<group>"; };
		A0343D401A2AFE9C00FA0464 /* ParameterAlertTableViewCell.swift */ = {isa = PBXFileReference; fileEncoding = 4; lastKnownFileType = sourcecode.swift; path = ParameterAlertTableViewCell.swift; sourceTree = "<group>"; };
		A042B2DC1A195ED600660AB7 /* VisualViewController.swift */ = {isa = PBXFileReference; fileEncoding = 4; lastKnownFileType = sourcecode.swift; path = VisualViewController.swift; sourceTree = "<group>"; };
		A042B2DE1A19645F00660AB7 /* index.html */ = {isa = PBXFileReference; fileEncoding = 4; lastKnownFileType = text.html; path = index.html; sourceTree = "<group>"; };
		A042B2E01A19669E00660AB7 /* d3.min.js */ = {isa = PBXFileReference; fileEncoding = 4; lastKnownFileType = sourcecode.javascript; path = d3.min.js; sourceTree = "<group>"; };
		A05A35CD1A083727008EA386 /* AdminTableViewController.swift */ = {isa = PBXFileReference; fileEncoding = 4; lastKnownFileType = sourcecode.swift; path = AdminTableViewController.swift; sourceTree = "<group>"; };
		A05A35D11A0837ED008EA386 /* Well.swift */ = {isa = PBXFileReference; fileEncoding = 4; lastKnownFileType = sourcecode.swift; path = Well.swift; sourceTree = "<group>"; };
		A066D5B71A2EA9C700E16E58 /* AddressBook.framework */ = {isa = PBXFileReference; lastKnownFileType = wrapper.framework; name = AddressBook.framework; path = System/Library/Frameworks/AddressBook.framework; sourceTree = SDKROOT; };
		A066D5B91A2EA9D100E16E58 /* AssetsLibrary.framework */ = {isa = PBXFileReference; lastKnownFileType = wrapper.framework; name = AssetsLibrary.framework; path = System/Library/Frameworks/AssetsLibrary.framework; sourceTree = SDKROOT; };
		A066D5BB1A2EA9DB00E16E58 /* Foundation.framework */ = {isa = PBXFileReference; lastKnownFileType = wrapper.framework; name = Foundation.framework; path = System/Library/Frameworks/Foundation.framework; sourceTree = SDKROOT; };
		A066D5BD1A2EA9E400E16E58 /* CoreLocation.framework */ = {isa = PBXFileReference; lastKnownFileType = wrapper.framework; name = CoreLocation.framework; path = System/Library/Frameworks/CoreLocation.framework; sourceTree = SDKROOT; };
		A066D5BF1A2EA9EF00E16E58 /* CoreMotion.framework */ = {isa = PBXFileReference; lastKnownFileType = wrapper.framework; name = CoreMotion.framework; path = System/Library/Frameworks/CoreMotion.framework; sourceTree = SDKROOT; };
		A066D5C11A2EA9FC00E16E58 /* CoreGraphics.framework */ = {isa = PBXFileReference; lastKnownFileType = wrapper.framework; name = CoreGraphics.framework; path = System/Library/Frameworks/CoreGraphics.framework; sourceTree = SDKROOT; };
		A066D5C31A2EAA0600E16E58 /* CoreText.framework */ = {isa = PBXFileReference; lastKnownFileType = wrapper.framework; name = CoreText.framework; path = System/Library/Frameworks/CoreText.framework; sourceTree = SDKROOT; };
		A066D5C51A2EAA0E00E16E58 /* MediaPlayer.framework */ = {isa = PBXFileReference; lastKnownFileType = wrapper.framework; name = MediaPlayer.framework; path = System/Library/Frameworks/MediaPlayer.framework; sourceTree = SDKROOT; };
		A066D5C71A2EAA1700E16E58 /* Security.framework */ = {isa = PBXFileReference; lastKnownFileType = wrapper.framework; name = Security.framework; path = System/Library/Frameworks/Security.framework; sourceTree = SDKROOT; };
		A066D5C91A2EAA2100E16E58 /* SystemConfiguration.framework */ = {isa = PBXFileReference; lastKnownFileType = wrapper.framework; name = SystemConfiguration.framework; path = System/Library/Frameworks/SystemConfiguration.framework; sourceTree = SDKROOT; };
		A066D5CB1A2EAA2900E16E58 /* UIKit.framework */ = {isa = PBXFileReference; lastKnownFileType = wrapper.framework; name = UIKit.framework; path = System/Library/Frameworks/UIKit.framework; sourceTree = SDKROOT; };
		A066D5D11A2EBD4B00E16E58 /* PaddedUITextField.swift */ = {isa = PBXFileReference; fileEncoding = 4; lastKnownFileType = sourcecode.swift; path = PaddedUITextField.swift; sourceTree = "<group>"; };
		A06FFD5E1A06AA08001B3FF8 /* DrillAlert.app */ = {isa = PBXFileReference; explicitFileType = wrapper.application; includeInIndex = 0; path = DrillAlert.app; sourceTree = BUILT_PRODUCTS_DIR; };
		A06FFD621A06AA08001B3FF8 /* Info.plist */ = {isa = PBXFileReference; lastKnownFileType = text.plist.xml; path = Info.plist; sourceTree = "<group>"; };
		A06FFD631A06AA08001B3FF8 /* AppDelegate.swift */ = {isa = PBXFileReference; lastKnownFileType = sourcecode.swift; path = AppDelegate.swift; sourceTree = "<group>"; };
		A06FFD661A06AA08001B3FF8 /* DrillAlert.xcdatamodel */ = {isa = PBXFileReference; lastKnownFileType = wrapper.xcdatamodel; path = DrillAlert.xcdatamodel; sourceTree = "<group>"; };
		A06FFD681A06AA08001B3FF8 /* LoginViewController.swift */ = {isa = PBXFileReference; lastKnownFileType = sourcecode.swift; path = LoginViewController.swift; sourceTree = "<group>"; };
		A06FFD6B1A06AA08001B3FF8 /* Base */ = {isa = PBXFileReference; lastKnownFileType = file.storyboard; name = Base; path = Base.lproj/Main.storyboard; sourceTree = "<group>"; };
		A06FFD6D1A06AA08001B3FF8 /* Images.xcassets */ = {isa = PBXFileReference; lastKnownFileType = folder.assetcatalog; path = Images.xcassets; sourceTree = "<group>"; };
		A06FFD701A06AA08001B3FF8 /* Base */ = {isa = PBXFileReference; lastKnownFileType = file.xib; name = Base; path = Base.lproj/LaunchScreen.xib; sourceTree = "<group>"; };
		A06FFD761A06AA08001B3FF8 /* DrillAlertTests.xctest */ = {isa = PBXFileReference; explicitFileType = wrapper.cfbundle; includeInIndex = 0; path = DrillAlertTests.xctest; sourceTree = BUILT_PRODUCTS_DIR; };
		A06FFD7B1A06AA08001B3FF8 /* Info.plist */ = {isa = PBXFileReference; lastKnownFileType = text.plist.xml; path = Info.plist; sourceTree = "<group>"; };
		A06FFD7C1A06AA08001B3FF8 /* DrillAlertTests.swift */ = {isa = PBXFileReference; lastKnownFileType = sourcecode.swift; path = DrillAlertTests.swift; sourceTree = "<group>"; };
		A087EEDD1A06C09D0073FDD0 /* HomeViewController.swift */ = {isa = PBXFileReference; fileEncoding = 4; lastKnownFileType = sourcecode.swift; path = HomeViewController.swift; sourceTree = "<group>"; };
		A095FB8B1A2FC37200B15D39 /* AlertValueCell.swift */ = {isa = PBXFileReference; fileEncoding = 4; lastKnownFileType = sourcecode.swift; path = AlertValueCell.swift; sourceTree = "<group>"; };
		A095FB8E1A2FC38C00B15D39 /* AlertWhenCell.swift */ = {isa = PBXFileReference; fileEncoding = 4; lastKnownFileType = sourcecode.swift; path = AlertWhenCell.swift; sourceTree = "<group>"; };
		A095FB901A2FC39800B15D39 /* AlertPriorityCell.swift */ = {isa = PBXFileReference; fileEncoding = 4; lastKnownFileType = sourcecode.swift; path = AlertPriorityCell.swift; sourceTree = "<group>"; };
		A095FB921A2FF20D00B15D39 /* gauge.html */ = {isa = PBXFileReference; fileEncoding = 4; lastKnownFileType = text.html; path = gauge.html; sourceTree = "<group>"; };
		A0CE03271A0ECEFB0076EE3E /* Wellbore.swift */ = {isa = PBXFileReference; fileEncoding = 4; lastKnownFileType = sourcecode.swift; path = Wellbore.swift; sourceTree = "<group>"; };
		A0CE032B1A0ED67C0076EE3E /* VisualsViewController.swift */ = {isa = PBXFileReference; fileEncoding = 4; lastKnownFileType = sourcecode.swift; path = VisualsViewController.swift; sourceTree = "<group>"; };
		A0CEDBA11A0C3ADF0051BDB8 /* User.swift */ = {isa = PBXFileReference; fileEncoding = 4; lastKnownFileType = sourcecode.swift; path = User.swift; sourceTree = "<group>"; };
		A0DB7DBC1A2FB96000C8C9A2 /* AddOrEditAlertTableViewController.swift */ = {isa = PBXFileReference; fileEncoding = 4; lastKnownFileType = sourcecode.swift; path = AddOrEditAlertTableViewController.swift; sourceTree = "<group>"; };
		A0DB7DBE1A2FB96E00C8C9A2 /* SelectParameterTableViewController.swift */ = {isa = PBXFileReference; fileEncoding = 4; lastKnownFileType = sourcecode.swift; path = SelectParameterTableViewController.swift; sourceTree = "<group>"; };
		A0EE29011A08AB7200B50700 /* UIViewExtension.swift */ = {isa = PBXFileReference; fileEncoding = 4; lastKnownFileType = sourcecode.swift; path = UIViewExtension.swift; sourceTree = "<group>"; };
		A0F0FBEC1A103DC600ADBDF3 /* WellUsersTableViewController.swift */ = {isa = PBXFileReference; fileEncoding = 4; lastKnownFileType = sourcecode.swift; path = WellUsersTableViewController.swift; sourceTree = "<group>"; };
		CF4007641A78BDF4008E9C1F /* ManageVisualsTableViewController.swift */ = {isa = PBXFileReference; fileEncoding = 4; lastKnownFileType = sourcecode.swift; path = ManageVisualsTableViewController.swift; sourceTree = "<group>"; };
/* End PBXFileReference section */

/* Begin PBXFrameworksBuildPhase section */
		A06FFD5B1A06AA08001B3FF8 /* Frameworks */ = {
			isa = PBXFrameworksBuildPhase;
			buildActionMask = 2147483647;
			files = (
				A066D5CC1A2EAA2900E16E58 /* UIKit.framework in Frameworks */,
				A066D5CA1A2EAA2100E16E58 /* SystemConfiguration.framework in Frameworks */,
				A066D5C81A2EAA1700E16E58 /* Security.framework in Frameworks */,
				A066D5C61A2EAA0E00E16E58 /* MediaPlayer.framework in Frameworks */,
				A066D5C41A2EAA0600E16E58 /* CoreText.framework in Frameworks */,
				A066D5C21A2EA9FC00E16E58 /* CoreGraphics.framework in Frameworks */,
				A066D5C01A2EA9EF00E16E58 /* CoreMotion.framework in Frameworks */,
				A066D5BE1A2EA9E400E16E58 /* CoreLocation.framework in Frameworks */,
				A066D5BC1A2EA9DB00E16E58 /* Foundation.framework in Frameworks */,
				A066D5BA1A2EA9D100E16E58 /* AssetsLibrary.framework in Frameworks */,
				A066D5B81A2EA9C700E16E58 /* AddressBook.framework in Frameworks */,
			);
			runOnlyForDeploymentPostprocessing = 0;
		};
		A06FFD731A06AA08001B3FF8 /* Frameworks */ = {
			isa = PBXFrameworksBuildPhase;
			buildActionMask = 2147483647;
			files = (
			);
			runOnlyForDeploymentPostprocessing = 0;
		};
/* End PBXFrameworksBuildPhase section */

/* Begin PBXGroup section */
		A018E4081A2B011D001EF20E /* Alerts */ = {
			isa = PBXGroup;
			children = (
				A018E3FF1A2B003D001EF20E /* Alert.swift */,
				A018E4031A2B005A001EF20E /* ParameterAlert.swift */,
				A018E4051A2B010A001EF20E /* Parameter.swift */,
			);
			name = Alerts;
			sourceTree = "<group>";
		};
		A0343D351A2AB6ED00FA0464 /* Extensions */ = {
			isa = PBXGroup;
			children = (
				A0EE29011A08AB7200B50700 /* UIViewExtension.swift */,
			);
			name = Extensions;
			sourceTree = "<group>";
		};
		A05A35CC1A08370E008EA386 /* Admin */ = {
			isa = PBXGroup;
			children = (
				A05A35CD1A083727008EA386 /* AdminTableViewController.swift */,
				A0F0FBEC1A103DC600ADBDF3 /* WellUsersTableViewController.swift */,
			);
			name = Admin;
			sourceTree = "<group>";
		};
		A05A35CF1A0837CC008EA386 /* Controllers */ = {
			isa = PBXGroup;
			children = (
				A06FFD681A06AA08001B3FF8 /* LoginViewController.swift */,
				A087EEDC1A06C0920073FDD0 /* Home */,
				A05A35CC1A08370E008EA386 /* Admin */,
			);
			name = Controllers;
			sourceTree = "<group>";
		};
		A05A35D01A0837DD008EA386 /* Models */ = {
			isa = PBXGroup;
			children = (
				A018E4081A2B011D001EF20E /* Alerts */,
				A06FFD651A06AA08001B3FF8 /* DrillAlert.xcdatamodeld */,
				A05A35D11A0837ED008EA386 /* Well.swift */,
				A0CE03271A0ECEFB0076EE3E /* Wellbore.swift */,
				A0CEDBA11A0C3ADF0051BDB8 /* User.swift */,
				A02679FA1A742A4900ED8FFB /* APIHelper.swift */,
			);
			name = Models;
			sourceTree = "<group>";
		};
		A06FFD551A06AA08001B3FF8 = {
			isa = PBXGroup;
			children = (
				A0343D301A2674C100FA0464 /* Entitlements.plist */,
				A06FFD601A06AA08001B3FF8 /* DrillAlert */,
				A06FFD791A06AA08001B3FF8 /* DrillAlertTests */,
				A06FFD5F1A06AA08001B3FF8 /* Products */,
			);
			sourceTree = "<group>";
		};
		A06FFD5F1A06AA08001B3FF8 /* Products */ = {
			isa = PBXGroup;
			children = (
				A06FFD5E1A06AA08001B3FF8 /* DrillAlert.app */,
				A06FFD761A06AA08001B3FF8 /* DrillAlertTests.xctest */,
			);
			name = Products;
			sourceTree = "<group>";
		};
		A06FFD601A06AA08001B3FF8 /* DrillAlert */ = {
			isa = PBXGroup;
			children = (
				A06FFD6A1A06AA08001B3FF8 /* Main.storyboard */,
				A06FFD631A06AA08001B3FF8 /* AppDelegate.swift */,
				A05A35CF1A0837CC008EA386 /* Controllers */,
				A0EE29001A08AB6600B50700 /* Views */,
				A05A35D01A0837DD008EA386 /* Models */,
				A0343D351A2AB6ED00FA0464 /* Extensions */,
				A0CA2F5F1A26480500D12218 /* Frameworks */,
				A06FFD611A06AA08001B3FF8 /* Supporting Files */,
			);
			path = DrillAlert;
			sourceTree = "<group>";
		};
		A06FFD611A06AA08001B3FF8 /* Supporting Files */ = {
			isa = PBXGroup;
			children = (
				A06FFD6D1A06AA08001B3FF8 /* Images.xcassets */,
				A06FFD6F1A06AA08001B3FF8 /* LaunchScreen.xib */,
				A06FFD621A06AA08001B3FF8 /* Info.plist */,
			);
			name = "Supporting Files";
			sourceTree = "<group>";
		};
		A06FFD791A06AA08001B3FF8 /* DrillAlertTests */ = {
			isa = PBXGroup;
			children = (
				A06FFD7C1A06AA08001B3FF8 /* DrillAlertTests.swift */,
				A06FFD7A1A06AA08001B3FF8 /* Supporting Files */,
			);
			path = DrillAlertTests;
			sourceTree = "<group>";
		};
		A06FFD7A1A06AA08001B3FF8 /* Supporting Files */ = {
			isa = PBXGroup;
			children = (
				A06FFD7B1A06AA08001B3FF8 /* Info.plist */,
			);
			name = "Supporting Files";
			sourceTree = "<group>";
		};
		A087EEDC1A06C0920073FDD0 /* Home */ = {
			isa = PBXGroup;
			children = (
				A087EEDD1A06C09D0073FDD0 /* HomeViewController.swift */,
				A0C3C53D1A09D1900017BC9B /* WellboreDetail */,
			);
			name = Home;
			sourceTree = "<group>";
		};
		A095FB8D1A2FC37600B15D39 /* Alerts */ = {
			isa = PBXGroup;
			children = (
				A095FB8B1A2FC37200B15D39 /* AlertValueCell.swift */,
				A095FB8E1A2FC38C00B15D39 /* AlertWhenCell.swift */,
				A095FB901A2FC39800B15D39 /* AlertPriorityCell.swift */,
				A02D86441A6D97BF00D22A38 /* AlertInboxCell.swift */,
			);
			name = Alerts;
			sourceTree = "<group>";
		};
		A0C3C53D1A09D1900017BC9B /* WellboreDetail */ = {
			isa = PBXGroup;
			children = (
				A0343D381A2AC85400FA0464 /* WellboreDetailViewController.swift */,
				A0CE032A1A0ED5FB0076EE3E /* Alerts */,
				A0CE03291A0ED5F60076EE3E /* Visuals */,
			);
			name = WellboreDetail;
			sourceTree = "<group>";
		};
		A0CA2F5F1A26480500D12218 /* Frameworks */ = {
			isa = PBXGroup;
			children = (
				A0343D261A26493800FA0464 /* DrillAlert-Bridging-Header.h */,
				A066D5CB1A2EAA2900E16E58 /* UIKit.framework */,
				A066D5C91A2EAA2100E16E58 /* SystemConfiguration.framework */,
				A066D5C71A2EAA1700E16E58 /* Security.framework */,
				A066D5C51A2EAA0E00E16E58 /* MediaPlayer.framework */,
				A066D5C31A2EAA0600E16E58 /* CoreText.framework */,
				A066D5C11A2EA9FC00E16E58 /* CoreGraphics.framework */,
				A066D5BF1A2EA9EF00E16E58 /* CoreMotion.framework */,
				A066D5BD1A2EA9E400E16E58 /* CoreLocation.framework */,
				A066D5BB1A2EA9DB00E16E58 /* Foundation.framework */,
				A066D5B91A2EA9D100E16E58 /* AssetsLibrary.framework */,
				A066D5B71A2EA9C700E16E58 /* AddressBook.framework */,
			);
			name = Frameworks;
			sourceTree = "<group>";
		};
		A0CE03291A0ED5F60076EE3E /* Visuals */ = {
			isa = PBXGroup;
			children = (
				A042B2E01A19669E00660AB7 /* d3.min.js */,
				A0CE032B1A0ED67C0076EE3E /* VisualsViewController.swift */,
				A042B2DC1A195ED600660AB7 /* VisualViewController.swift */,
				A042B2DE1A19645F00660AB7 /* index.html */,
				A095FB921A2FF20D00B15D39 /* gauge.html */,
				CF4007641A78BDF4008E9C1F /* ManageVisualsTableViewController.swift */,
			);
			name = Visuals;
			sourceTree = "<group>";
		};
		A0CE032A1A0ED5FB0076EE3E /* Alerts */ = {
			isa = PBXGroup;
			children = (
				A018E4091A2B0733001EF20E /* ParameterAlertsTableViewController.swift */,
				A018E40B1A2BB4E8001EF20E /* AddParameterAlertTableViewController.swift */,
				A0DB7DBC1A2FB96000C8C9A2 /* AddOrEditAlertTableViewController.swift */,
				A0DB7DBE1A2FB96E00C8C9A2 /* SelectParameterTableViewController.swift */,
				A02D86421A6D953A00D22A38 /* AlertInboxTableViewController.swift */,
			);
			name = Alerts;
			sourceTree = "<group>";
		};
		A0EE29001A08AB6600B50700 /* Views */ = {
			isa = PBXGroup;
			children = (
				A095FB8D1A2FC37600B15D39 /* Alerts */,
				A0343D321A2AB66100FA0464 /* WellboreTableViewCell.swift */,
				A0343D401A2AFE9C00FA0464 /* ParameterAlertTableViewCell.swift */,
				A066D5D11A2EBD4B00E16E58 /* PaddedUITextField.swift */,
			);
			name = Views;
			sourceTree = "<group>";
		};
/* End PBXGroup section */

/* Begin PBXNativeTarget section */
		A06FFD5D1A06AA08001B3FF8 /* DrillAlert */ = {
			isa = PBXNativeTarget;
			buildConfigurationList = A06FFD801A06AA08001B3FF8 /* Build configuration list for PBXNativeTarget "DrillAlert" */;
			buildPhases = (
				A06FFD5A1A06AA08001B3FF8 /* Sources */,
				A06FFD5B1A06AA08001B3FF8 /* Frameworks */,
				A06FFD5C1A06AA08001B3FF8 /* Resources */,
			);
			buildRules = (
			);
			dependencies = (
			);
			name = DrillAlert;
			productName = DrillAlert;
			productReference = A06FFD5E1A06AA08001B3FF8 /* DrillAlert.app */;
			productType = "com.apple.product-type.application";
		};
		A06FFD751A06AA08001B3FF8 /* DrillAlertTests */ = {
			isa = PBXNativeTarget;
			buildConfigurationList = A06FFD831A06AA08001B3FF8 /* Build configuration list for PBXNativeTarget "DrillAlertTests" */;
			buildPhases = (
				A06FFD721A06AA08001B3FF8 /* Sources */,
				A06FFD731A06AA08001B3FF8 /* Frameworks */,
				A06FFD741A06AA08001B3FF8 /* Resources */,
			);
			buildRules = (
			);
			dependencies = (
				A06FFD781A06AA08001B3FF8 /* PBXTargetDependency */,
			);
			name = DrillAlertTests;
			productName = DrillAlertTests;
			productReference = A06FFD761A06AA08001B3FF8 /* DrillAlertTests.xctest */;
			productType = "com.apple.product-type.bundle.unit-test";
		};
/* End PBXNativeTarget section */

/* Begin PBXProject section */
		A06FFD561A06AA08001B3FF8 /* Project object */ = {
			isa = PBXProject;
			attributes = {
				LastUpgradeCheck = 0610;
				ORGANIZATIONNAME = Drillionaires;
				TargetAttributes = {
					A06FFD5D1A06AA08001B3FF8 = {
						CreatedOnToolsVersion = 6.1;
					};
					A06FFD751A06AA08001B3FF8 = {
						CreatedOnToolsVersion = 6.1;
						TestTargetID = A06FFD5D1A06AA08001B3FF8;
					};
				};
			};
			buildConfigurationList = A06FFD591A06AA08001B3FF8 /* Build configuration list for PBXProject "DrillAlert" */;
			compatibilityVersion = "Xcode 3.2";
			developmentRegion = English;
			hasScannedForEncodings = 0;
			knownRegions = (
				en,
				Base,
			);
			mainGroup = A06FFD551A06AA08001B3FF8;
			productRefGroup = A06FFD5F1A06AA08001B3FF8 /* Products */;
			projectDirPath = "";
			projectRoot = "";
			targets = (
				A06FFD5D1A06AA08001B3FF8 /* DrillAlert */,
				A06FFD751A06AA08001B3FF8 /* DrillAlertTests */,
			);
		};
/* End PBXProject section */

/* Begin PBXResourcesBuildPhase section */
		A06FFD5C1A06AA08001B3FF8 /* Resources */ = {
			isa = PBXResourcesBuildPhase;
			buildActionMask = 2147483647;
			files = (
				A0343D311A2674C100FA0464 /* Entitlements.plist in Resources */,
				A095FB931A2FF20D00B15D39 /* gauge.html in Resources */,
				A042B2E11A19669E00660AB7 /* d3.min.js in Resources */,
				A06FFD6C1A06AA08001B3FF8 /* Main.storyboard in Resources */,
				A042B2DF1A19645F00660AB7 /* index.html in Resources */,
				A06FFD711A06AA08001B3FF8 /* LaunchScreen.xib in Resources */,
				A06FFD6E1A06AA08001B3FF8 /* Images.xcassets in Resources */,
			);
			runOnlyForDeploymentPostprocessing = 0;
		};
		A06FFD741A06AA08001B3FF8 /* Resources */ = {
			isa = PBXResourcesBuildPhase;
			buildActionMask = 2147483647;
			files = (
			);
			runOnlyForDeploymentPostprocessing = 0;
		};
/* End PBXResourcesBuildPhase section */

/* Begin PBXSourcesBuildPhase section */
		A06FFD5A1A06AA08001B3FF8 /* Sources */ = {
			isa = PBXSourcesBuildPhase;
			buildActionMask = 2147483647;
			files = (
				CF4007651A78BDF4008E9C1F /* ManageVisualsTableViewController.swift in Sources */,
				A018E4041A2B005A001EF20E /* ParameterAlert.swift in Sources */,
				A0343D411A2AFE9C00FA0464 /* ParameterAlertTableViewCell.swift in Sources */,
				A05A35CE1A083727008EA386 /* AdminTableViewController.swift in Sources */,
				A0343D331A2AB66100FA0464 /* WellboreTableViewCell.swift in Sources */,
				A02679FB1A742A4900ED8FFB /* APIHelper.swift in Sources */,
				A095FB911A2FC39800B15D39 /* AlertPriorityCell.swift in Sources */,
				A0EE29021A08AB7200B50700 /* UIViewExtension.swift in Sources */,
				A02D86431A6D953A00D22A38 /* AlertInboxTableViewController.swift in Sources */,
				A0DB7DBF1A2FB96E00C8C9A2 /* SelectParameterTableViewController.swift in Sources */,
				A0F0FBED1A103DC600ADBDF3 /* WellUsersTableViewController.swift in Sources */,
				A018E4001A2B003D001EF20E /* Alert.swift in Sources */,
				A0CE032C1A0ED67C0076EE3E /* VisualsViewController.swift in Sources */,
				A05A35D21A0837ED008EA386 /* Well.swift in Sources */,
				A06FFD691A06AA08001B3FF8 /* LoginViewController.swift in Sources */,
				A0CE03281A0ECEFB0076EE3E /* Wellbore.swift in Sources */,
				A018E40A1A2B0733001EF20E /* ParameterAlertsTableViewController.swift in Sources */,
				A018E4061A2B010A001EF20E /* Parameter.swift in Sources */,
				A0CEDBA21A0C3ADF0051BDB8 /* User.swift in Sources */,
				A095FB8C1A2FC37200B15D39 /* AlertValueCell.swift in Sources */,
				A042B2DD1A195ED600660AB7 /* VisualViewController.swift in Sources */,
				A018E40C1A2BB4E8001EF20E /* AddParameterAlertTableViewController.swift in Sources */,
				A0343D391A2AC85400FA0464 /* WellboreDetailViewController.swift in Sources */,
				A0DB7DBD1A2FB96000C8C9A2 /* AddOrEditAlertTableViewController.swift in Sources */,
				A06FFD671A06AA08001B3FF8 /* DrillAlert.xcdatamodeld in Sources */,
				A066D5D21A2EBD4B00E16E58 /* PaddedUITextField.swift in Sources */,
				A06FFD641A06AA08001B3FF8 /* AppDelegate.swift in Sources */,
				A095FB8F1A2FC38C00B15D39 /* AlertWhenCell.swift in Sources */,
				A087EEDE1A06C09D0073FDD0 /* HomeViewController.swift in Sources */,
				A02D86451A6D97BF00D22A38 /* AlertInboxCell.swift in Sources */,
			);
			runOnlyForDeploymentPostprocessing = 0;
		};
		A06FFD721A06AA08001B3FF8 /* Sources */ = {
			isa = PBXSourcesBuildPhase;
			buildActionMask = 2147483647;
			files = (
				A06FFD7D1A06AA08001B3FF8 /* DrillAlertTests.swift in Sources */,
			);
			runOnlyForDeploymentPostprocessing = 0;
		};
/* End PBXSourcesBuildPhase section */

/* Begin PBXTargetDependency section */
		A06FFD781A06AA08001B3FF8 /* PBXTargetDependency */ = {
			isa = PBXTargetDependency;
			target = A06FFD5D1A06AA08001B3FF8 /* DrillAlert */;
			targetProxy = A06FFD771A06AA08001B3FF8 /* PBXContainerItemProxy */;
		};
/* End PBXTargetDependency section */

/* Begin PBXVariantGroup section */
		A06FFD6A1A06AA08001B3FF8 /* Main.storyboard */ = {
			isa = PBXVariantGroup;
			children = (
				A06FFD6B1A06AA08001B3FF8 /* Base */,
			);
			name = Main.storyboard;
			sourceTree = "<group>";
		};
		A06FFD6F1A06AA08001B3FF8 /* LaunchScreen.xib */ = {
			isa = PBXVariantGroup;
			children = (
				A06FFD701A06AA08001B3FF8 /* Base */,
			);
			name = LaunchScreen.xib;
			sourceTree = "<group>";
		};
/* End PBXVariantGroup section */

/* Begin XCBuildConfiguration section */
		A06FFD7E1A06AA08001B3FF8 /* Debug */ = {
			isa = XCBuildConfiguration;
			buildSettings = {
				ALWAYS_SEARCH_USER_PATHS = NO;
				CLANG_CXX_LANGUAGE_STANDARD = "gnu++0x";
				CLANG_CXX_LIBRARY = "libc++";
				CLANG_ENABLE_MODULES = YES;
				CLANG_ENABLE_OBJC_ARC = YES;
				CLANG_WARN_BOOL_CONVERSION = YES;
				CLANG_WARN_CONSTANT_CONVERSION = YES;
				CLANG_WARN_DIRECT_OBJC_ISA_USAGE = YES_ERROR;
				CLANG_WARN_EMPTY_BODY = YES;
				CLANG_WARN_ENUM_CONVERSION = YES;
				CLANG_WARN_INT_CONVERSION = YES;
				CLANG_WARN_OBJC_ROOT_CLASS = YES_ERROR;
				CLANG_WARN_UNREACHABLE_CODE = YES;
				CLANG_WARN__DUPLICATE_METHOD_MATCH = YES;
				"CODE_SIGN_IDENTITY[sdk=iphoneos*]" = "iPhone Developer";
				COPY_PHASE_STRIP = NO;
				ENABLE_STRICT_OBJC_MSGSEND = YES;
				GCC_C_LANGUAGE_STANDARD = gnu99;
				GCC_DYNAMIC_NO_PIC = NO;
				GCC_OPTIMIZATION_LEVEL = 0;
				GCC_PREPROCESSOR_DEFINITIONS = (
					"DEBUG=1",
					"$(inherited)",
				);
				GCC_SYMBOLS_PRIVATE_EXTERN = NO;
				GCC_WARN_64_TO_32_BIT_CONVERSION = YES;
				GCC_WARN_ABOUT_RETURN_TYPE = YES_ERROR;
				GCC_WARN_UNDECLARED_SELECTOR = YES;
				GCC_WARN_UNINITIALIZED_AUTOS = YES_AGGRESSIVE;
				GCC_WARN_UNUSED_FUNCTION = YES;
				GCC_WARN_UNUSED_VARIABLE = YES;
				IPHONEOS_DEPLOYMENT_TARGET = 8.1;
				MTL_ENABLE_DEBUG_INFO = YES;
				ONLY_ACTIVE_ARCH = YES;
				SDKROOT = iphoneos;
				SWIFT_OPTIMIZATION_LEVEL = "-Onone";
			};
			name = Debug;
		};
		A06FFD7F1A06AA08001B3FF8 /* Release */ = {
			isa = XCBuildConfiguration;
			buildSettings = {
				ALWAYS_SEARCH_USER_PATHS = NO;
				CLANG_CXX_LANGUAGE_STANDARD = "gnu++0x";
				CLANG_CXX_LIBRARY = "libc++";
				CLANG_ENABLE_MODULES = YES;
				CLANG_ENABLE_OBJC_ARC = YES;
				CLANG_WARN_BOOL_CONVERSION = YES;
				CLANG_WARN_CONSTANT_CONVERSION = YES;
				CLANG_WARN_DIRECT_OBJC_ISA_USAGE = YES_ERROR;
				CLANG_WARN_EMPTY_BODY = YES;
				CLANG_WARN_ENUM_CONVERSION = YES;
				CLANG_WARN_INT_CONVERSION = YES;
				CLANG_WARN_OBJC_ROOT_CLASS = YES_ERROR;
				CLANG_WARN_UNREACHABLE_CODE = YES;
				CLANG_WARN__DUPLICATE_METHOD_MATCH = YES;
				"CODE_SIGN_IDENTITY[sdk=iphoneos*]" = "iPhone Developer";
				COPY_PHASE_STRIP = YES;
				ENABLE_NS_ASSERTIONS = NO;
				ENABLE_STRICT_OBJC_MSGSEND = YES;
				GCC_C_LANGUAGE_STANDARD = gnu99;
				GCC_WARN_64_TO_32_BIT_CONVERSION = YES;
				GCC_WARN_ABOUT_RETURN_TYPE = YES_ERROR;
				GCC_WARN_UNDECLARED_SELECTOR = YES;
				GCC_WARN_UNINITIALIZED_AUTOS = YES_AGGRESSIVE;
				GCC_WARN_UNUSED_FUNCTION = YES;
				GCC_WARN_UNUSED_VARIABLE = YES;
				IPHONEOS_DEPLOYMENT_TARGET = 8.1;
				MTL_ENABLE_DEBUG_INFO = NO;
				SDKROOT = iphoneos;
				VALIDATE_PRODUCT = YES;
			};
			name = Release;
		};
		A06FFD811A06AA08001B3FF8 /* Debug */ = {
			isa = XCBuildConfiguration;
			buildSettings = {
				ASSETCATALOG_COMPILER_APPICON_NAME = AppIcon;
				CLANG_ENABLE_MODULES = YES;
				CODE_SIGN_ENTITLEMENTS = Entitlements.plist;
				CODE_SIGN_IDENTITY = "-";
				FRAMEWORK_SEARCH_PATHS = (
					"$(inherited)",
					"$(PROJECT_DIR)/DrillAlert",
					"/Users/lucas/Developer/CPE402/Resources/google-plus-ios-sdk-1.7.1",
				);
				INFOPLIST_FILE = DrillAlert/Info.plist;
				LD_RUNPATH_SEARCH_PATHS = "$(inherited) @executable_path/Frameworks";
				OTHER_LDFLAGS = "-ObjC";
				PRODUCT_NAME = "$(TARGET_NAME)";
				SWIFT_OBJC_BRIDGING_HEADER = "DrillAlert/DrillAlert-Bridging-Header.h";
				SWIFT_OPTIMIZATION_LEVEL = "-Onone";
				TARGETED_DEVICE_FAMILY = "1,2";
			};
			name = Debug;
		};
		A06FFD821A06AA08001B3FF8 /* Release */ = {
			isa = XCBuildConfiguration;
			buildSettings = {
				ASSETCATALOG_COMPILER_APPICON_NAME = AppIcon;
				CLANG_ENABLE_MODULES = YES;
				CODE_SIGN_ENTITLEMENTS = Entitlements.plist;
				CODE_SIGN_IDENTITY = "-";
				FRAMEWORK_SEARCH_PATHS = (
					"$(inherited)",
					"$(PROJECT_DIR)/DrillAlert",
					"/Users/lucas/Developer/CPE402/Resources/google-plus-ios-sdk-1.7.1",
				);
				INFOPLIST_FILE = DrillAlert/Info.plist;
				LD_RUNPATH_SEARCH_PATHS = "$(inherited) @executable_path/Frameworks";
				OTHER_LDFLAGS = "-ObjC";
				PRODUCT_NAME = "$(TARGET_NAME)";
				SWIFT_OBJC_BRIDGING_HEADER = "DrillAlert/DrillAlert-Bridging-Header.h";
				TARGETED_DEVICE_FAMILY = "1,2";
			};
			name = Release;
		};
		A06FFD841A06AA08001B3FF8 /* Debug */ = {
			isa = XCBuildConfiguration;
			buildSettings = {
				BUNDLE_LOADER = "$(TEST_HOST)";
				CODE_SIGN_ENTITLEMENTS = Entitlements.plist;
				CODE_SIGN_IDENTITY = "-";
				FRAMEWORK_SEARCH_PATHS = (
					"$(SDKROOT)/Developer/Library/Frameworks",
					"$(inherited)",
				);
				GCC_PREPROCESSOR_DEFINITIONS = (
					"DEBUG=1",
					"$(inherited)",
				);
				INFOPLIST_FILE = DrillAlertTests/Info.plist;
				LD_RUNPATH_SEARCH_PATHS = "$(inherited) @executable_path/Frameworks @loader_path/Frameworks";
				PRODUCT_NAME = "$(TARGET_NAME)";
				TEST_HOST = "$(BUILT_PRODUCTS_DIR)/DrillAlert.app/DrillAlert";
			};
			name = Debug;
		};
		A06FFD851A06AA08001B3FF8 /* Release */ = {
			isa = XCBuildConfiguration;
			buildSettings = {
				BUNDLE_LOADER = "$(TEST_HOST)";
				CODE_SIGN_ENTITLEMENTS = Entitlements.plist;
				CODE_SIGN_IDENTITY = "-";
				FRAMEWORK_SEARCH_PATHS = (
					"$(SDKROOT)/Developer/Library/Frameworks",
					"$(inherited)",
				);
				INFOPLIST_FILE = DrillAlertTests/Info.plist;
				LD_RUNPATH_SEARCH_PATHS = "$(inherited) @executable_path/Frameworks @loader_path/Frameworks";
				PRODUCT_NAME = "$(TARGET_NAME)";
				TEST_HOST = "$(BUILT_PRODUCTS_DIR)/DrillAlert.app/DrillAlert";
			};
			name = Release;
		};
/* End XCBuildConfiguration section */

/* Begin XCConfigurationList section */
		A06FFD591A06AA08001B3FF8 /* Build configuration list for PBXProject "DrillAlert" */ = {
			isa = XCConfigurationList;
			buildConfigurations = (
				A06FFD7E1A06AA08001B3FF8 /* Debug */,
				A06FFD7F1A06AA08001B3FF8 /* Release */,
			);
			defaultConfigurationIsVisible = 0;
			defaultConfigurationName = Release;
		};
		A06FFD801A06AA08001B3FF8 /* Build configuration list for PBXNativeTarget "DrillAlert" */ = {
			isa = XCConfigurationList;
			buildConfigurations = (
				A06FFD811A06AA08001B3FF8 /* Debug */,
				A06FFD821A06AA08001B3FF8 /* Release */,
			);
			defaultConfigurationIsVisible = 0;
			defaultConfigurationName = Release;
		};
		A06FFD831A06AA08001B3FF8 /* Build configuration list for PBXNativeTarget "DrillAlertTests" */ = {
			isa = XCConfigurationList;
			buildConfigurations = (
				A06FFD841A06AA08001B3FF8 /* Debug */,
				A06FFD851A06AA08001B3FF8 /* Release */,
			);
			defaultConfigurationIsVisible = 0;
			defaultConfigurationName = Release;
		};
/* End XCConfigurationList section */

/* Begin XCVersionGroup section */
		A06FFD651A06AA08001B3FF8 /* DrillAlert.xcdatamodeld */ = {
			isa = XCVersionGroup;
			children = (
				A06FFD661A06AA08001B3FF8 /* DrillAlert.xcdatamodel */,
			);
			currentVersion = A06FFD661A06AA08001B3FF8 /* DrillAlert.xcdatamodel */;
			path = DrillAlert.xcdatamodeld;
			sourceTree = "<group>";
			versionGroupType = wrapper.xcdatamodel;
		};
/* End XCVersionGroup section */
	};
	rootObject = A06FFD561A06AA08001B3FF8 /* Project object */;
}
